{
    "_meta": {
        "hash": {
            "sha256": "a18050abf693378d6443c4beba8117c70648436420e2e5040e8c1bad4da4ef5a"
        },
        "pipfile-spec": 6,
        "requires": {},
        "sources": [
            {
                "name": "pypi",
                "url": "https://pypi.org/simple",
                "verify_ssl": true
            }
        ]
    },
    "default": {
        "allennlp": {
            "git": "https://github.com/allenai/allennlp",
            "ref": "b85c86cff6f0995002dca6216ba2e3aefe403d11"
        },
        "attrs": {
            "hashes": [
                "sha256:08a96c641c3a74e44eb59afb61a24f2cb9f4d7188748e76ba4bb5edfa3cb7d1c",
                "sha256:f7b7ce16570fe9965acd6d30101a28f62fb4a7f9e926b3bbc9b61f8b04247e72"
            ],
            "version": "==19.3.0"
        },
        "boto": {
            "hashes": [
                "sha256:147758d41ae7240dc989f0039f27da8ca0d53734be0eb869ef16e3adcfa462e8",
                "sha256:ea0d3b40a2d852767be77ca343b58a9e3a4b00d9db440efb8da74b4e58025e5a"
            ],
            "version": "==2.49.0"
        },
        "boto3": {
            "hashes": [
                "sha256:420a00c1835a0a890c853ad89cb0cebbe8f4a9d0af9333cc013690b836c44714",
                "sha256:abea990bd63189680eaf032f687c29cfee670560e0eb9e394e39359f3e092ae5"
            ],
            "version": "==1.10.42"
        },
        "botocore": {
            "hashes": [
                "sha256:9315d0e1940c3f860d21caaa23ab656f8c86ff2f700ac89e85894266bcd8fabf",
                "sha256:f5e799a5d1f2f3d7d962e8a91c2cf637487a48fd153ab75537fddb7013b671ce"
            ],
            "version": "==1.13.42"
        },
        "catalogue": {
            "hashes": [
                "sha256:98a71a99cc65eb26914fd8a3cc3027354337b870c80e9d3dc32e2c95a34e7df0",
                "sha256:c407a51c22f51b0f938104b6396c489145bae234386e68eb1d56326c3b3e128e"
            ],
            "index": "pypi",
            "version": "==0.0.8"
        },
        "certifi": {
            "hashes": [
                "sha256:017c25db2a153ce562900032d5bc68e9f191e44e9a0f762f373977de9df1fbb3",
                "sha256:25b64c7da4cd7479594d035c08c2d809eb4aab3a26e5a990ea98cc450c320f1f"
            ],
            "version": "==2019.11.28"
        },
        "chardet": {
            "hashes": [
                "sha256:84ab92ed1c4d4f16916e05906b6b75a6c0fb5db821cc65e70cbd64a3e2a5eaae",
                "sha256:fc323ffcaeaed0e0a02bf4d117757b98aed530d9ed4531e3e15460124c106691"
            ],
            "version": "==3.0.4"
        },
        "cytoolz": {
            "hashes": [
                "sha256:82f5bba81d73a5a6b06f2a3553ff9003d865952fcb32e1df192378dd944d8a5c"
            ],
            "index": "pypi",
            "version": "==0.10.1"
        },
        "docutils": {
            "hashes": [
                "sha256:6c4f696463b79f1fb8ba0c594b63840ebd41f059e92b31957c46b74a4599b6d0",
                "sha256:9e4d7ecfc600058e07ba661411a2b7de2fd0fafa17d1a7f7361cd47b1175c827",
                "sha256:a2aeea129088da402665e92e0b25b04b073c04b2dce4ab65caaa38b7ce2e1a99"
            ],
            "version": "==0.15.2"
        },
        "fire": {
            "hashes": [
                "sha256:6865fefc6981a713d2ce56a2a2c92c56c729269f74a6cddd6f4b94d16ae084c9"
            ],
            "index": "pypi",
            "version": "==0.2.1"
        },
        "gensim": {
            "hashes": [
                "sha256:10d0a01a541aa9810add46fe2ccb043a86d99f5075f8dc35466f65949adcb64c",
                "sha256:11c01f38a77579b4fda635b92f1231b2986d9fefff44af401c2d106901b9342a",
                "sha256:1a302a0829eaa023fa6e91e3b489e5b6173127124f2bfbdfa4118b75bd402264",
                "sha256:1b747baf65b51e101db5b4b8eb84ac2c400ab81c3fb0758ff5f879693e936ce3",
                "sha256:1cfd541f4a8651d5d24f61b35a263573bb3464f1d72d12366c4ab15931c81fad",
                "sha256:267983deeb6969a43f7366a188c4f5f2942a49271b7dbdfc07066707fb2029e2",
                "sha256:33277fc0a8d7b0c7ce70fcc74bb82ad39f944c009b334856c6e86bf552b1dfdc",
                "sha256:36518200175c708e762f5763f34b1e5a6b64e7844f2c172afd480231361192fd",
                "sha256:458c2dea186e7e35fa417b13060c4c5ce63e90c36240c745574a95c2b02c425b",
                "sha256:498bc173df0cebb430e01d9860d8cb9a1d4724537da3b3b1b6ec371ddd86794e",
                "sha256:4e5344a07e6646198669befb3f6d3d25209693a904863293da2b0233c5526686",
                "sha256:56fc56f1b8044f33c29ab3f5416d05a1655223a7654cc0887e4e0a17f50e6006",
                "sha256:58f28f6dd25cb4f83ace8b6be1e132d56acfd60b823241e84bb8cba2e9676a39",
                "sha256:6c7065de589edd53cd42f4e5bbae8a821d285c75f12412ee0e32c972f14672c1",
                "sha256:734c8fcd65068f06c1da37beeec7b22a9380faa63a307a99b0bb109560e05e47",
                "sha256:afca1f0081b5e1ce3f07d7ac540196c1af81b9d0513fbd8c4744cc7910922e09",
                "sha256:b08c526ce5dabceb042499c7711e229fb3d2874f69a83dbcab77a35bedac8552",
                "sha256:ba19d8021554c773420321cc0b1ad5ed1f0cd5d14c08a24631263f23d6e8c14e",
                "sha256:bd0e40149a6f07961123f8770b68050366b6772f38521c75a9d0b03242cb9fde",
                "sha256:d3b3cb01e4e997731c41944ffbfce2af67585c6a60fd4fc4a02909dff77021aa",
                "sha256:d9f13b7f0c425b632f18b0b7c87551a0e0d87695506e63153b442e137a4a69fd",
                "sha256:db3b8cfc03e9b7e4c93ea2221cb82d9719fcc3cd16201191f45f12e3c9b0f206",
                "sha256:ef51a5aada90ce0f8f13be750e8d8460bd33e2793c2e74bb453fb1ce7b7ba79d"
            ],
            "index": "pypi",
            "version": "==3.8.1"
        },
        "idna": {
            "hashes": [
                "sha256:c357b3f628cf53ae2c4c05627ecc484553142ca23264e593d327bcde5e9c3407",
                "sha256:ea8b7f6188e6fa117537c3df7da9fc686d485087abf6ac197f9c46432f7e4a3c"
            ],
            "version": "==2.8"
        },
        "importlib-metadata": {
            "hashes": [
                "sha256:073a852570f92da5f744a3472af1b61e28e9f78ccf0c9117658dc32b15de7b45",
                "sha256:d95141fbfa7ef2ec65cfd945e2af7e5a6ddbd7c8d9a25e66ff3be8e3daf9f60f"
            ],
            "markers": "python_version < '3.8'",
            "version": "==1.3.0"
        },
        "jaconv": {
            "hashes": [
                "sha256:2ccdf768da20d55f30e8801e5e2e27783aae1bb29b890e503e1124134d6d09c9"
            ],
            "index": "pypi",
            "version": "==0.2.4"
        },
        "jmespath": {
            "hashes": [
                "sha256:3720a4b1bd659dd2eecad0666459b9788813e032b83e7ba58578e48254e0a0e6",
                "sha256:bde2aef6f44302dfb30320115b17d030798de8c4110e28d5cf6cf91a7a31074c"
            ],
            "version": "==0.9.4"
        },
        "joblib": {
            "hashes": [
                "sha256:0630eea4f5664c463f23fbf5dcfc54a2bc6168902719fa8e19daf033022786c8",
                "sha256:bdb4fd9b72915ffb49fde2229ce482dd7ae79d842ed8c2b4c932441495af1403"
            ],
            "version": "==0.14.1"
        },
        "jsonschema": {
            "hashes": [
                "sha256:4e5b3cf8216f577bee9ce139cbe72eca3ea4f292ec60928ff24758ce626cd163",
                "sha256:c8a85b28d377cc7737e46e2d9f2b4f44ee3c0e1deac6bf46ddefc7187d30797a"
            ],
            "index": "pypi",
            "version": "==3.2.0"
        },
        "mecab-python3": {
            "hashes": [
                "sha256:0ef0fa0a91497943b57efa00e047470d19118551cb0023c27663a2c1c56e24bf",
                "sha256:1c8715bd6127ad3a1d629986e5dba9971598f6a38233b539d3c482ee297be7bb",
                "sha256:3efc3a61fc9bbc3e33b44ac5d1ff6a5b1773e294870e8f580c888067c0c73db3",
                "sha256:49befe46c1672984285d1c1f4a26781ede6bc536e7994ab1960aedadfab5b28a",
                "sha256:5265730069d8915df57aba282a7ac5acc682c6cad27fdde0be12f97577b54d38",
                "sha256:68746e30c2e094175619c4b586704e18b2b52af066ad67739a0a9060089faecd",
                "sha256:6de1a76d53b9ffc3bbeda47ce1a817c825b668f6afa748691abfcb458b099eaf",
                "sha256:700a693e30cbe2640ae1793a9c7b6b3744b4dd543e7f3d36fc9b936d1becf9a0",
                "sha256:8392a7f9681506635d5a9bd232f8eee8e0ebafe52bfcb70a53a755bdd94aba23",
                "sha256:8d155f8cc9118631c3bd0975144cf603272f23e57228022c4eedba8a52cd34cf",
                "sha256:97251561991382f5c62ba6a71472e7f9aa4e5f7dca6b4a827e1e140401be0fc7",
                "sha256:a80383fba343dad247b486a9afa486b7f0ec6244cb8bbf2d6a24d2fab5f19180",
                "sha256:bd5668e1f918cc22791749253720b84d1f219ace36c780e75662a202bd80a0a3",
                "sha256:bd633171d4d9bb47f8fc4e2ee0cc720cc7ed001ea44a074bc15ef1b3ec47d3ba",
                "sha256:c854a705adfecd8ceb7d377510fe8741a3ff735af749e81cdac0099ffe9999f5",
                "sha256:da6f1992d7345c6973fab61572f54fb54dfc0c7ebebffedaa66fc6cc35c475eb",
                "sha256:dc143b4f49894a4c76d9847da6655b6fe2cff29909f610c0e3da8a8e615985ac",
                "sha256:f87ad5a3d928b8b14bcb63d629a580bc4967cdb6f7a66c362598e54aa97881d0"
            ],
            "index": "pypi",
            "version": "==0.996.2"
        },
        "mojimoji": {
            "hashes": [
                "sha256:7e07191fb74e24c741c7c9408b12c238e27b604cfaaf28ee5cd3947f89fde5d5"
            ],
            "index": "pypi",
            "version": "==0.0.9.post0"
        },
        "more-itertools": {
            "hashes": [
                "sha256:b84b238cce0d9adad5ed87e745778d20a3f8487d0f0cb8b8a586816c7496458d",
                "sha256:c833ef592a0324bcc6a60e48440da07645063c453880c9477ceb22490aec1564"
            ],
            "index": "pypi",
            "version": "==8.0.2"
        },
        "numpy": {
            "hashes": [
                "sha256:2bc9c62dfc893626cdd50dce30f597f387c4aca11cd2cdffe3e7e06a4fe19ee6",
                "sha256:3701ddb007a0549c12b26e90c82d520b9c4acf801705b9334654ade2a9550b75",
                "sha256:4c51a496ec1ce170f2b5eb458c0441affc5b1fd1d7272cf322b443c90c69983a",
                "sha256:6beebdc222e214bbbafab8f089a65821cff6cad25b349eabb653490dc25342fd",
                "sha256:70319f4d4e0a0c94e04922aaaf8c9aca72d38b61cc69e338fb872e9ff27d94a2",
                "sha256:73abd855401b9da6efb67490f4dd82226cf95f47d66b8dc9ebe4df523baaaeb2",
                "sha256:76d92b0b86227c6dbc3f9030b8b865f41ae04f73daa161e4e3c5566e03d6ed41",
                "sha256:787781333c1d69c7c23ccd85165cca732a5f3fd9d997b8ee40829b7c0c38db86",
                "sha256:78ca6befab03c682bcb013241801e3b750e9de9b60664e9839e5b2098b5580ee",
                "sha256:7b0b915190cf60e691c17147f5d955e273d4c482b795a7bb168ad4a2fe2fb180",
                "sha256:9b369822f7681bc36b6ba624bc8ea0a1a456a9f72b324070d89ee2856cba62be",
                "sha256:a8081de993fd47b9cb7376935bb1781118fd2c473a0e834601e28229275f78d6",
                "sha256:c207646355d1d04c054d781ddcd100bbd5afc69f75f8a7623317b9db41a2015f",
                "sha256:c9474a8fe03ca958e6fafefee13d6b4a45ea4ed7e35261abf61899c0f599a118",
                "sha256:c9e73aa60166609c80f4285af8ba8b9b79e5a935df6927a174637c7c08fa8e67",
                "sha256:cbd2e1c1fb61b17eca745d7f9f6d684fd7f7817bef6454890eb6fa3e1cd4905a",
                "sha256:d7b16541a6e970d402587ff2f1cbd85753c8d982a0d5894991505fea9b81a52b",
                "sha256:e89027b24027dade03929bc17adee23feec1f6f707f4ea366c5d5a342d4d81a1",
                "sha256:e9907b5ea505dcd2cfaeb6ab08f241047ba651611f3974c9d624a7c5066ab3a6",
                "sha256:f676739da486d1c7de2d9450dafca6dee04f4d3e881b8761b795865ef1872eaf",
                "sha256:fa8851d10af0739adcae54acf5706953e2e45752f4a550006f6f3aff92335566"
            ],
            "version": "==1.18.0rc1"
        },
        "pyahocorasick": {
            "hashes": [
                "sha256:f9431a20e47e893cadd29f367825e882dbc6fc324a3c24c41e3ff9648e5d04b2"
            ],
            "index": "pypi",
            "version": "==1.4.0"
        },
        "pyknp": {
            "git": "https://github.com/ku-nlp/pyknp",
            "ref": "ab2dfbec820575d82cbf98115c7706f2e3e290f4"
        },
        "pyrsistent": {
            "hashes": [
                "sha256:f3b280d030afb652f79d67c5586157c5c1355c9a58dfc7940566e28d28f3df1b"
            ],
            "version": "==0.15.6"
        },
        "python-dateutil": {
            "hashes": [
                "sha256:7e6584c74aeed623791615e26efd690f29817a27c73085b78e4bad02493df2fb",
                "sha256:c89805f6f4d64db21ed966fda138f8a5ed7a4fdbc1a8ee329ce1b74e3c74da9e"
            ],
            "markers": "python_version >= '2.7'",
            "version": "==2.8.0"
        },
        "pyyaml": {
            "hashes": [
                "sha256:0e7f69397d53155e55d10ff68fdfb2cf630a35e6daf65cf0bdeaf04f127c09dc",
                "sha256:2e9f0b7c5914367b0916c3c104a024bb68f269a486b9d04a2e8ac6f6597b7803",
                "sha256:35ace9b4147848cafac3db142795ee42deebe9d0dad885ce643928e88daebdcc",
                "sha256:38a4f0d114101c58c0f3a88aeaa44d63efd588845c5a2df5290b73db8f246d15",
                "sha256:483eb6a33b671408c8529106df3707270bfacb2447bf8ad856a4b4f57f6e3075",
                "sha256:4b6be5edb9f6bb73680f5bf4ee08ff25416d1400fbd4535fe0069b2994da07cd",
                "sha256:7f38e35c00e160db592091751d385cd7b3046d6d51f578b29943225178257b31",
                "sha256:8100c896ecb361794d8bfdb9c11fce618c7cf83d624d73d5ab38aef3bc82d43f",
                "sha256:c0ee8eca2c582d29c3c2ec6e2c4f703d1b7f1fb10bc72317355a746057e7346c",
                "sha256:e4c015484ff0ff197564917b4b4246ca03f411b9bd7f16e02a2f586eb48b6d04",
                "sha256:ebc4ed52dcc93eeebeae5cf5deb2ae4347b3a81c3fa12b0b8c976544829396a4"
            ],
            "index": "pypi",
            "version": "==5.2"
        },
        "requests": {
            "hashes": [
                "sha256:11e007a8a2aa0323f5a921e9e6a2d7e4e67d9877e85773fba9ba6419025cbeb4",
                "sha256:9cf5292fcd0f598c671cfc1e0d7d1a7f13bb8085e9a590f48c010551dc6c4b31"
            ],
            "version": "==2.22.0"
        },
        "s3transfer": {
            "hashes": [
                "sha256:6efc926738a3cd576c2a79725fed9afde92378aa5c6a957e3af010cb019fac9d",
                "sha256:b780f2411b824cb541dbcd2c713d0cb61c7d1bcadae204cdddda2b35cef493ba"
            ],
            "version": "==0.2.1"
        },
        "scikit-learn": {
            "hashes": [
                "sha256:0098757148ee055796370ca5f4c5887940c46f87a4989f7ca9be6a2c42803ef1",
                "sha256:06b78e6f62b6a89b00acc873ee823c99ddf4ee1d461a02ce0d22276a17d2c13e",
                "sha256:07aaa1d639759ebfa33e747022d3fde880eb4343c6a7ddd916478be3a6b98d67",
                "sha256:087fffad9e7604bbbaa078bdfdf6919a96495f0eb742c70dd900820224c20a0a",
                "sha256:09b81c1145437fd5d25a2e8419621185c22b05450a7c77ad0a568194bbd65963",
                "sha256:1632967d8fbae09e6090ef6bd632681c5fc64b95378a858c59fd37b57357425e",
                "sha256:3004fe60aca1f20b80d13698e5d9123e0d500062b548c733a9f230ab943ce334",
                "sha256:314abf60c073c48a1e95feaae9f3ca47a2139bd77cebb5b877c23a45c9e03012",
                "sha256:594e693aef1dca29ab5823781f8db15815f257295cff52868f0602553ee5c66b",
                "sha256:5e426ed57851e60d2edb63a60888cc85e47b129f69f9c26eb872d8b7581c4c63",
                "sha256:63b7c4ddd5a6ed504ee7a6d2670dc8df478b70c4e31a2d165de82c4d6f4b6e1b",
                "sha256:8049f6330bbd1f8dd8db587fbfb69f8150efb36a22ddb4d178a0479c027496c5",
                "sha256:8509da5e03155c872d2e646763f4d42cfbdbd460dad9b803dba7602c32b7a605",
                "sha256:8c524b4567bb4d5ea172aa0d8212fe1b06898c4ad130ac443bbe0e5f4bd9d104",
                "sha256:ab3f791d5663bcc8137ea2339cbbd81907d2c7f51da6ef0402a6a37ef74bd857",
                "sha256:ac81facbda6ac2296e5d7b7518dc15d93858fda34f7d7877a5e9bbc2c8b0b5aa",
                "sha256:bc48a36424a6af3c353827a5d68abdad132f5ca843d721852fdf8b2e8d6277d3",
                "sha256:c252cfb331e15188d731253cffaa04a87fb0ea7aad5bff9f85229b5b883c8290",
                "sha256:ca60076ba9e38ed936a0e7fb5a0d18cffe375840d9dc4e562df7e0f5ee066d4d",
                "sha256:df3111e9a6d1b5009b45d10e98276e1e7fafefc538a6496e4e80042bba27cf68",
                "sha256:e321baa1210d20ac9751f4f8ec5e64affc44c93992a7e61611663884cd3e4b5a"
            ],
            "index": "pypi",
            "version": "==0.22"
        },
        "scipy": {
            "hashes": [
                "sha256:1b51721e5792c4d722e0cab4daf82187d5f22f2e42c56cd247398a16e4d2f48d",
                "sha256:1e46825a4b810e2c36cfebecbad09edfd14b74a43f6146343ec96c62659e4573",
                "sha256:203ba7ab52270e392e7e43834ffbe94fae09ca7f03113a11170cd36d0826eece",
                "sha256:204667ab336e9087a9bcd2be37b540703aef7b6f9a4fd776186d18b8b972f24a",
                "sha256:2d5b67afa5f5e0cf60dc747327c5be15cde434bed9c96743019886f86bfe0918",
                "sha256:31f7cfa93b01507c935c12b535e24812594002a02a56803d7cd063e9920d25e8",
                "sha256:39e9571ae080c149f4b5324836e7ee06a7e331e77f0d6d55f9c6ab7266cd875a",
                "sha256:4061d71c0f143f3985d2ea9ebc4c1d86eff6df79318f265a5fdb23527811f5b2",
                "sha256:461ca398ac6cb46bc89bdbc9f6a81c0302ee370cebe8be682c84a51977e21ded",
                "sha256:6fcc1e8b47c332bb0a558d7529ede0990ea5ff822a9a4392b003adad8e0b31b8",
                "sha256:72e644285a39aa64aaef7373fcbbed998aa7a550dc073d910d712a9380eba8b1",
                "sha256:ab35718a2dd58089fbbdf3bcf1bb368a2ec99314de58f65d5d9a1cc8a1f49419",
                "sha256:b51597ed8c1d3f2f07e537fb492a2c3659e477c502ad93c7e241f39ae9e21a78",
                "sha256:bbb21e998e136e1fdfd77e808abf16c72e75c6ffbb87f4b5a41f19c9a4b3e2de",
                "sha256:c1fe5826d26b684d5a690099d56f010a4bdd916e32f9fc0e0898c22551fdc635",
                "sha256:c2722813ff63bb1f0fb3c75253a85a16c2b0ecc8c4f999f666a7788bf7c6e4c3",
                "sha256:cdbcfbe97a21fc6b3c55991a7bcd6a278a38bd197e2d274a45611cdc91beb5c0",
                "sha256:e47f4d0be4fc6985c789d24898ad65daec781c7f5da4a3d4c76ed9af285306ba",
                "sha256:e588454fd6899d93b73d648d4d90d3d1285c91d08530a6ab94826676c862cabc",
                "sha256:fa39935d7db5066a1b88575fdb196bb576474a17987637430df6bede311906be",
                "sha256:fb4b6c26e39375e0cb56d05508c1b43515589725f903c9250940fca906e909fd"
            ],
            "version": "==1.4.0"
        },
        "six": {
            "hashes": [
                "sha256:1f1b7d42e254082a9db6279deae68afb421ceba6158efa6131de7b3003ee93fd",
                "sha256:30f610279e8b2578cab6db20741130331735c781b56053c59c4076da27f06b66"
            ],
            "version": "==1.13.0"
        },
        "smart-open": {
            "hashes": [
                "sha256:e64c2b5e62a452fa7fc4d21aecbada826ca21097bbe117841f8f4fc53dbab676"
            ],
            "version": "==1.9.0"
        },
        "spacy-transformers": {
            "git": "https://github.com/tamuhey/spacy-pytorch-transformers",
            "ref": "e8e339b0250608fc461fdb0f4e5fca94aa2ac269"
        },
        "termcolor": {
            "hashes": [
                "sha256:1d6d69ce66211143803fbc56652b41d73b4a400a2891d7bf7a1cdf4c02de613b"
            ],
            "version": "==1.1.0"
        },
        "toolz": {
            "hashes": [
                "sha256:08fdd5ef7c96480ad11c12d472de21acd32359996f69a5259299b540feba4560"
            ],
            "version": "==0.10.0"
        },
        "typing-extensions": {
            "hashes": [
                "sha256:091ecc894d5e908ac75209f10d5b4f118fbdb2eb1ede6a63544054bb1edb41f2",
                "sha256:910f4656f54de5993ad9304959ce9bb903f90aadc7c67a0bef07e678014e892d",
                "sha256:cf8b63fedea4d89bab840ecbb93e75578af28f76f66c35889bd7065f5af88575"
            ],
            "index": "pypi",
            "version": "==3.7.4.1"
        },
        "urllib3": {
            "hashes": [
                "sha256:a8a318824cc77d1fd4b2bec2ded92646630d7fe8619497b142c84a9e6f5a7293",
                "sha256:f3c5fd51747d450d4dcf6f923c81f78f811aab8205fda64b0aba34a4e48b0745"
            ],
            "markers": "python_version >= '3.4'",
            "version": "==1.25.7"
        },
        "zipp": {
            "hashes": [
                "sha256:3718b1cbcd963c7d4c5511a8240812904164b7f381b647143a89d3b98f9bcd8e",
                "sha256:f06903e9f1f43b12d371004b4ac7b06ab39a44adc747266928ae6debfa7b3335"
            ],
            "version": "==0.6.0"
        }
    },
    "develop": {
        "appdirs": {
            "hashes": [
                "sha256:9e5896d1372858f8dd3344faf4e5014d21849c756c8d5701f78f8a103b372d92",
                "sha256:d8b24664561d0d34ddfaec54636d502d7cea6e29c3eaf68f3df6180863e2166e"
            ],
            "version": "==1.4.3"
        },
        "aspy.yaml": {
            "hashes": [
                "sha256:463372c043f70160a9ec950c3f1e4c3a82db5fca01d334b6bc89c7164d744bdc",
                "sha256:e7c742382eff2caed61f87a39d13f99109088e5e93f04d76eb8d4b28aa143f45"
            ],
            "version": "==1.3.0"
        },
        "astroid": {
            "hashes": [
                "sha256:71ea07f44df9568a75d0f354c49143a4575d90645e9fead6dfb52c26a85ed13a",
                "sha256:840947ebfa8b58f318d42301cf8c0a20fd794a33b61cc4638e28e9e61ba32f42"
            ],
            "version": "==2.3.3"
        },
        "attrs": {
            "hashes": [
                "sha256:08a96c641c3a74e44eb59afb61a24f2cb9f4d7188748e76ba4bb5edfa3cb7d1c",
                "sha256:f7b7ce16570fe9965acd6d30101a28f62fb4a7f9e926b3bbc9b61f8b04247e72"
            ],
            "version": "==19.3.0"
        },
        "black": {
            "hashes": [
                "sha256:1b30e59be925fafc1ee4565e5e08abef6b03fe455102883820fe5ee2e4734e0b",
                "sha256:c2edb73a08e9e0e6f65a0e6af18b059b8b1cdd5bef997d7a0b181df93dc81539"
            ],
            "index": "pypi",
            "version": "==19.10b0"
        },
        "cfgv": {
            "hashes": [
                "sha256:edb387943b665bf9c434f717bf630fa78aecd53d5900d2e05da6ad6048553144",
                "sha256:fbd93c9ab0a523bf7daec408f3be2ed99a980e20b2d19b50fc184ca6b820d289"
            ],
            "version": "==2.0.1"
        },
        "click": {
            "hashes": [
                "sha256:2335065e6395b9e67ca716de5f7526736bfa6ceead690adf616d925bdc622b13",
                "sha256:5b94b49521f6456670fdb30cd82a4eca9412788a93fa6dd6df72c94d5a8ff2d7"
            ],
            "version": "==7.0"
        },
        "entrypoints": {
            "hashes": [
                "sha256:589f874b313739ad35be6e0cd7efde2a4e9b6fea91edcc34e58ecbb8dbe56d19",
                "sha256:c70dd71abe5a8c85e55e12c19bd91ccfeec11a6e99044204511f9ed547d48451"
            ],
            "version": "==0.3"
        },
        "flake8": {
            "hashes": [
                "sha256:45681a117ecc81e870cbf1262835ae4af5e7a8b08e40b944a8a6e6b895914cfb",
                "sha256:49356e766643ad15072a789a20915d3c91dc89fd313ccd71802303fd67e4deca"
            ],
            "index": "pypi",
            "version": "==3.7.9"
        },
        "hydra-core": {
            "hashes": [
                "sha256:5af18737f929136f3c2228fb0d854c18a2b3f556de8cd4f710dae1acb1746e01",
                "sha256:7cfc2ccae318407aad830b552647c0ce2845ab6a4edbf997b63bfcaf73c14ee6"
            ],
            "index": "pypi",
            "version": "==0.11.2"
        },
        "hypothesis": {
            "hashes": [
                "sha256:0b47eab7a69babec134fa1cf3ec8f7042bd9b8b131947c27a4d12b0e1bcecefc",
                "sha256:98be302a878cfae8112cfa724df3af64ea858562369904bb09fa1f8dfa22ac4f"
            ],
            "index": "pypi",
            "version": "==4.56.1"
        },
        "identify": {
            "hashes": [
                "sha256:7782115794ec28b011702815d9f5e532244560cd2bf0789c4f09381d43befd90",
                "sha256:9e7521e9abeaede4d2d1092a106e418c65ddf6b3182b43930bcb3c8cfb974488"
            ],
            "version": "==1.4.8"
        },
        "importlib-metadata": {
            "hashes": [
                "sha256:073a852570f92da5f744a3472af1b61e28e9f78ccf0c9117658dc32b15de7b45",
                "sha256:d95141fbfa7ef2ec65cfd945e2af7e5a6ddbd7c8d9a25e66ff3be8e3daf9f60f"
            ],
            "markers": "python_version < '3.8'",
            "version": "==1.3.0"
        },
        "isort": {
            "hashes": [
                "sha256:54da7e92468955c4fceacd0c86bd0ec997b0e1ee80d97f67c35a78b719dccab1",
                "sha256:6e811fcb295968434526407adb8796944f1988c5b65e8139058f2014cbe100fd"
            ],
            "index": "pypi",
            "version": "==4.3.21"
        },
        "lazy-object-proxy": {
            "hashes": [
                "sha256:0c4b206227a8097f05c4dbdd323c50edf81f15db3b8dc064d08c62d37e1a504d",
                "sha256:194d092e6f246b906e8f70884e620e459fc54db3259e60cf69a4d66c3fda3449",
                "sha256:1be7e4c9f96948003609aa6c974ae59830a6baecc5376c25c92d7d697e684c08",
                "sha256:4677f594e474c91da97f489fea5b7daa17b5517190899cf213697e48d3902f5a",
                "sha256:48dab84ebd4831077b150572aec802f303117c8cc5c871e182447281ebf3ac50",
                "sha256:5541cada25cd173702dbd99f8e22434105456314462326f06dba3e180f203dfd",
                "sha256:59f79fef100b09564bc2df42ea2d8d21a64fdcda64979c0fa3db7bdaabaf6239",
                "sha256:8d859b89baf8ef7f8bc6b00aa20316483d67f0b1cbf422f5b4dc56701c8f2ffb",
                "sha256:9254f4358b9b541e3441b007a0ea0764b9d056afdeafc1a5569eee1cc6c1b9ea",
                "sha256:9651375199045a358eb6741df3e02a651e0330be090b3bc79f6d0de31a80ec3e",
                "sha256:97bb5884f6f1cdce0099f86b907aa41c970c3c672ac8b9c8352789e103cf3156",
                "sha256:9b15f3f4c0f35727d3a0fba4b770b3c4ebbb1fa907dbcc046a1d2799f3edd142",
                "sha256:a2238e9d1bb71a56cd710611a1614d1194dc10a175c1e08d75e1a7bcc250d442",
                "sha256:a6ae12d08c0bf9909ce12385803a543bfe99b95fe01e752536a60af2b7797c62",
                "sha256:ca0a928a3ddbc5725be2dd1cf895ec0a254798915fb3a36af0964a0a4149e3db",
                "sha256:cb2c7c57005a6804ab66f106ceb8482da55f5314b7fcb06551db1edae4ad1531",
                "sha256:d74bb8693bf9cf75ac3b47a54d716bbb1a92648d5f781fc799347cfc95952383",
                "sha256:d945239a5639b3ff35b70a88c5f2f491913eb94871780ebfabb2568bd58afc5a",
                "sha256:eba7011090323c1dadf18b3b689845fd96a61ba0a1dfbd7f24b921398affc357",
                "sha256:efa1909120ce98bbb3777e8b6f92237f5d5c8ea6758efea36a473e1d38f7d3e4",
                "sha256:f3900e8a5de27447acbf900b4750b0ddfd7ec1ea7fbaf11dfa911141bc522af0"
            ],
            "version": "==1.4.3"
        },
        "mccabe": {
            "hashes": [
                "sha256:ab8a6258860da4b6677da4bd2fe5dc2c659cff31b3ee4f7f5d64e79735b80d42",
                "sha256:dd8d182285a0fe56bace7f45b5e7d1a6ebcbf524e8f3bd87eb0f125271b8831f"
            ],
            "version": "==0.6.1"
        },
        "more-itertools": {
            "hashes": [
                "sha256:b84b238cce0d9adad5ed87e745778d20a3f8487d0f0cb8b8a586816c7496458d",
                "sha256:c833ef592a0324bcc6a60e48440da07645063c453880c9477ceb22490aec1564"
            ],
            "index": "pypi",
            "version": "==8.0.2"
        },
        "nodeenv": {
            "hashes": [
                "sha256:ad8259494cf1c9034539f6cced78a1da4840a4b157e23640bc4a0c0546b0cb7a"
            ],
            "version": "==1.3.3"
        },
        "numpy": {
            "hashes": [
                "sha256:2bc9c62dfc893626cdd50dce30f597f387c4aca11cd2cdffe3e7e06a4fe19ee6",
                "sha256:3701ddb007a0549c12b26e90c82d520b9c4acf801705b9334654ade2a9550b75",
                "sha256:4c51a496ec1ce170f2b5eb458c0441affc5b1fd1d7272cf322b443c90c69983a",
                "sha256:6beebdc222e214bbbafab8f089a65821cff6cad25b349eabb653490dc25342fd",
                "sha256:70319f4d4e0a0c94e04922aaaf8c9aca72d38b61cc69e338fb872e9ff27d94a2",
                "sha256:73abd855401b9da6efb67490f4dd82226cf95f47d66b8dc9ebe4df523baaaeb2",
                "sha256:76d92b0b86227c6dbc3f9030b8b865f41ae04f73daa161e4e3c5566e03d6ed41",
                "sha256:787781333c1d69c7c23ccd85165cca732a5f3fd9d997b8ee40829b7c0c38db86",
                "sha256:78ca6befab03c682bcb013241801e3b750e9de9b60664e9839e5b2098b5580ee",
                "sha256:7b0b915190cf60e691c17147f5d955e273d4c482b795a7bb168ad4a2fe2fb180",
                "sha256:9b369822f7681bc36b6ba624bc8ea0a1a456a9f72b324070d89ee2856cba62be",
                "sha256:a8081de993fd47b9cb7376935bb1781118fd2c473a0e834601e28229275f78d6",
                "sha256:c207646355d1d04c054d781ddcd100bbd5afc69f75f8a7623317b9db41a2015f",
                "sha256:c9474a8fe03ca958e6fafefee13d6b4a45ea4ed7e35261abf61899c0f599a118",
                "sha256:c9e73aa60166609c80f4285af8ba8b9b79e5a935df6927a174637c7c08fa8e67",
                "sha256:cbd2e1c1fb61b17eca745d7f9f6d684fd7f7817bef6454890eb6fa3e1cd4905a",
                "sha256:d7b16541a6e970d402587ff2f1cbd85753c8d982a0d5894991505fea9b81a52b",
                "sha256:e89027b24027dade03929bc17adee23feec1f6f707f4ea366c5d5a342d4d81a1",
                "sha256:e9907b5ea505dcd2cfaeb6ab08f241047ba651611f3974c9d624a7c5066ab3a6",
                "sha256:f676739da486d1c7de2d9450dafca6dee04f4d3e881b8761b795865ef1872eaf",
                "sha256:fa8851d10af0739adcae54acf5706953e2e45752f4a550006f6f3aff92335566"
            ],
            "version": "==1.18.0rc1"
        },
        "omegaconf": {
            "hashes": [
                "sha256:984314a86648d6adbffda6160d50a118e2db34e9332a80f2600386525948c4d8",
                "sha256:c4563aa40b615e40928c4f9470ac3b497befb4db978388be8794db547fbb755b"
            ],
            "version": "==1.4.1rc1"
        },
        "packaging": {
            "hashes": [
                "sha256:28b924174df7a2fa32c1953825ff29c61e2f5e082343165438812f00d3a7fc47",
                "sha256:d9551545c6d761f3def1677baf08ab2a3ca17c56879e70fecba2fc4dde4ed108"
            ],
            "version": "==19.2"
        },
        "pandas": {
            "hashes": [
                "sha256:00dff3a8e337f5ed7ad295d98a31821d3d0fe7792da82d78d7fd79b89c03ea9d",
                "sha256:22361b1597c8c2ffd697aa9bf85423afa9e1fcfa6b1ea821054a244d5f24d75e",
                "sha256:255920e63850dc512ce356233081098554d641ba99c3767dde9e9f35630f994b",
                "sha256:26382aab9c119735908d94d2c5c08020a4a0a82969b7e5eefb92f902b3b30ad7",
                "sha256:33970f4cacdd9a0ddb8f21e151bfb9f178afb7c36eb7c25b9094c02876f385c2",
                "sha256:4545467a637e0e1393f7d05d61dace89689ad6d6f66f267f86fff737b702cce9",
                "sha256:52da74df8a9c9a103af0a72c9d5fdc8e0183a90884278db7f386b5692a2220a4",
                "sha256:61741f5aeb252f39c3031d11405305b6d10ce663c53bc3112705d7ad66c013d0",
                "sha256:6a3ac2c87e4e32a969921d1428525f09462770c349147aa8e9ab95f88c71ec71",
                "sha256:7458c48e3d15b8aaa7d575be60e1e4dd70348efcd9376656b72fecd55c59a4c3",
                "sha256:78bf638993219311377ce9836b3dc05f627a666d0dbc8cec37c0ff3c9ada673b",
                "sha256:8153705d6545fd9eb6dd2bc79301bff08825d2e2f716d5dced48daafc2d0b81f",
                "sha256:975c461accd14e89d71772e89108a050fa824c0b87a67d34cedf245f6681fc17",
                "sha256:9962957a27bfb70ab64103d0a7b42fa59c642fb4ed4cb75d0227b7bb9228535d",
                "sha256:adc3d3a3f9e59a38d923e90e20c4922fc62d1e5a03d083440468c6d8f3f1ae0a",
                "sha256:bbe3eb765a0b1e578833d243e2814b60c825b7fdbf4cdfe8e8aae8a08ed56ecf",
                "sha256:df8864824b1fe488cf778c3650ee59c3a0d8f42e53707de167ba6b4f7d35f133",
                "sha256:e45055c30a608076e31a9fcd780a956ed3b1fa20db61561b8d88b79259f526f7",
                "sha256:ee50c2142cdcf41995655d499a157d0a812fce55c97d9aad13bc1eef837ed36c"
            ],
            "index": "pypi",
            "version": "==0.25.3"
        },
        "pathspec": {
            "hashes": [
                "sha256:e285ccc8b0785beadd4c18e5708b12bb8fcf529a1e61215b3feff1d1e559ea5c"
            ],
            "version": "==0.6.0"
        },
        "pluggy": {
            "hashes": [
                "sha256:15b2acde666561e1298d71b523007ed7364de07029219b604cf808bfa1c765b0",
                "sha256:966c145cd83c96502c3c3868f50408687b38434af77734af1e9ca461a4081d2d"
            ],
            "version": "==0.13.1"
        },
        "pre-commit": {
            "hashes": [
                "sha256:9f152687127ec90642a2cc3e4d9e1e6240c4eb153615cb02aa1ad41d331cbb6e",
                "sha256:c2e4810d2d3102d354947907514a78c5d30424d299dc0fe48f5aa049826e9b50"
            ],
            "index": "pypi",
            "version": "==1.20.0"
        },
        "py": {
            "hashes": [
                "sha256:64f65755aee5b381cea27766a3a147c3f15b9b6b9ac88676de66ba2ae36793fa",
                "sha256:dc639b046a6e2cff5bbe40194ad65936d6ba360b52b3c3fe1d08a82dd50b5e53"
            ],
            "version": "==1.8.0"
        },
        "pycodestyle": {
            "hashes": [
                "sha256:95a2219d12372f05704562a14ec30bc76b05a5b297b21a5dfe3f6fac3491ae56",
                "sha256:e40a936c9a450ad81df37f549d676d127b1b66000a6c500caa2b085bc0ca976c"
            ],
            "version": "==2.5.0"
        },
        "pyflakes": {
            "hashes": [
                "sha256:17dbeb2e3f4d772725c777fabc446d5634d1038f234e77343108ce445ea69ce0",
                "sha256:d976835886f8c5b31d47970ed689944a0262b5f3afa00a5a7b4dc81e5449f8a2"
            ],
            "version": "==2.1.1"
        },
        "pylint": {
            "hashes": [
                "sha256:3db5468ad013380e987410a8d6956226963aed94ecb5f9d3a28acca6d9ac36cd",
                "sha256:886e6afc935ea2590b462664b161ca9a5e40168ea99e5300935f6591ad467df4"
            ],
            "index": "pypi",
            "version": "==2.4.4"
        },
        "pyparsing": {
            "hashes": [
                "sha256:20f995ecd72f2a1f4bf6b072b63b22e2eb457836601e76d6e5dfcd75436acc1f",
                "sha256:4ca62001be367f01bd3e92ecbb79070272a9d4964dce6a48a82ff0b8bc7e683a"
            ],
            "version": "==2.4.5"
        },
        "pytest": {
            "hashes": [
                "sha256:6b571215b5a790f9b41f19f3531c53a45cf6bb8ef2988bc1ff9afb38270b25fa",
                "sha256:e41d489ff43948babd0fad7ad5e49b8735d5d55e26628a58673c39ff61d95de4"
            ],
            "index": "pypi",
            "version": "==5.3.2"
        },
        "python-dateutil": {
            "hashes": [
                "sha256:7e6584c74aeed623791615e26efd690f29817a27c73085b78e4bad02493df2fb",
                "sha256:c89805f6f4d64db21ed966fda138f8a5ed7a4fdbc1a8ee329ce1b74e3c74da9e"
            ],
            "markers": "python_version >= '2.7'",
            "version": "==2.8.0"
        },
        "pytz": {
            "hashes": [
                "sha256:1c557d7d0e871de1f5ccd5833f60fb2550652da6be2693c1e02300743d21500d",
                "sha256:b02c06db6cf09c12dd25137e563b31700d3b80fcc4ad23abb7a315f2789819be"
            ],
            "version": "==2019.3"
        },
        "pyyaml": {
            "hashes": [
                "sha256:0e7f69397d53155e55d10ff68fdfb2cf630a35e6daf65cf0bdeaf04f127c09dc",
                "sha256:2e9f0b7c5914367b0916c3c104a024bb68f269a486b9d04a2e8ac6f6597b7803",
                "sha256:35ace9b4147848cafac3db142795ee42deebe9d0dad885ce643928e88daebdcc",
                "sha256:38a4f0d114101c58c0f3a88aeaa44d63efd588845c5a2df5290b73db8f246d15",
                "sha256:483eb6a33b671408c8529106df3707270bfacb2447bf8ad856a4b4f57f6e3075",
                "sha256:4b6be5edb9f6bb73680f5bf4ee08ff25416d1400fbd4535fe0069b2994da07cd",
                "sha256:7f38e35c00e160db592091751d385cd7b3046d6d51f578b29943225178257b31",
                "sha256:8100c896ecb361794d8bfdb9c11fce618c7cf83d624d73d5ab38aef3bc82d43f",
                "sha256:c0ee8eca2c582d29c3c2ec6e2c4f703d1b7f1fb10bc72317355a746057e7346c",
                "sha256:e4c015484ff0ff197564917b4b4246ca03f411b9bd7f16e02a2f586eb48b6d04",
                "sha256:ebc4ed52dcc93eeebeae5cf5deb2ae4347b3a81c3fa12b0b8c976544829396a4"
            ],
            "index": "pypi",
            "version": "==5.2"
        },
        "regex": {
            "hashes": [
                "sha256:0472acc4b6319801c1bc681d838c88ba1446f9ae199e01f6e41091c701fb3d42",
                "sha256:16709434c4e2332ee8ba26ae339aceb8ab0b24b8398ebd0f52ebc943f45c4fc2",
                "sha256:223fb63ec8dcab20b3318e93dcec4aee89e98b062934090bf29ffc374d2000a2",
                "sha256:23c3ebf05d1cd3adb26723fd598e75724e0cdb7d6a35185ac0caf061cc6edb49",
                "sha256:2404a50fb48badaf214b700f08822b68d93d79200e0aefd9569d0332d21fbfcb",
                "sha256:2af3a7a16fed6eff85c25da106effa36f61cbbe801d00ade349b53ce7619eb15",
                "sha256:37e018d3746baf159aedfc9773c3cafacbd10d354ba15484f5cfc8ed9da5748b",
                "sha256:3c9c2988d02a9238a1975c70e87c6ce94e6f36dd8e372b66f468990cfe077434",
                "sha256:47298bc8b89d1c747f0f5974aa528fc0b6b17396f1694136a224d51461279d83",
                "sha256:4eeb0fe936797ae00a085f99802642bfc722b3b4ea557e9e7849cb621ea10c91",
                "sha256:6881be0218b47ed76db033f252bab3f912dfe7ed1fe7baa9daebf51de08546a0",
                "sha256:7ac08cee5055f548eed3889e9aaef15fd00172d037949496f1f0b34acb8a7c3e",
                "sha256:7c5e2efcf079c35ff266c3f3a6708834f88f9fd04a3c16b855e036b2b7b1b543",
                "sha256:8355eaa64724a0fdb010a1654b77cb3e375dc08b7f592cc4a1c05ac606aa481c",
                "sha256:999a885f7f5194464238ad5d74b05982acee54002f3aa775d8e0e8c5fb74c06c",
                "sha256:9fd2f4813eaa3e421e82819d38e5b634d900faff7ae5a80cd89ccff407175e69",
                "sha256:a2e1e53df7dd27943da2b512895125b33fb20f81862c9fed7b3bab2a1de684d1",
                "sha256:ab43bc0836820b7900dfffc025b996784aec26ec87dc1df4f95a40398760223f",
                "sha256:ba449b56fa419fb19bf2a2438adbd2433f27087a6fe115917eaf9cfca684d5b6",
                "sha256:d3f632cefad2cf247bd845794002585e3772288bfcb0dbac59fdecd32cd38b67",
                "sha256:d51311496061863caae2cfe120cf1ef37900019b86c89c2d75f0918e0b4b8bf3"
            ],
            "version": "==2019.12.19"
        },
        "rope": {
            "hashes": [
                "sha256:6b728fdc3e98a83446c27a91fc5d56808a004f8beab7a31ab1d7224cecc7d969",
                "sha256:c5c5a6a87f7b1a2095fb311135e2a3d1f194f5ecb96900fdd0a9100881f48aaf",
                "sha256:f0dcf719b63200d492b85535ebe5ea9b29e0d0b8aebeb87fe03fc1a65924fdaf"
            ],
            "index": "pypi",
            "version": "==0.14.0"
        },
        "six": {
            "hashes": [
                "sha256:1f1b7d42e254082a9db6279deae68afb421ceba6158efa6131de7b3003ee93fd",
                "sha256:30f610279e8b2578cab6db20741130331735c781b56053c59c4076da27f06b66"
            ],
            "version": "==1.13.0"
        },
        "sortedcontainers": {
            "hashes": [
                "sha256:974e9a32f56b17c1bac2aebd9dcf197f3eb9cd30553c5852a3187ad162e1a03a",
                "sha256:d9e96492dd51fae31e60837736b38fe42a187b5404c16606ff7ee7cd582d4c60"
            ],
            "version": "==2.1.0"
        },
        "toml": {
            "hashes": [
                "sha256:229f81c57791a41d65e399fc06bf0848bab550a9dfd5ed66df18ce5f05e73d5c",
                "sha256:235682dd292d5899d361a811df37e04a8828a5b1da3115886b73cf81ebc9100e"
            ],
            "version": "==0.10.0"
        },
        "typed-ast": {
            "hashes": [
                "sha256:1170afa46a3799e18b4c977777ce137bb53c7485379d9706af8a59f2ea1aa161",
                "sha256:18511a0b3e7922276346bcb47e2ef9f38fb90fd31cb9223eed42c85d1312344e",
                "sha256:262c247a82d005e43b5b7f69aff746370538e176131c32dda9cb0f324d27141e",
                "sha256:2b907eb046d049bcd9892e3076c7a6456c93a25bebfe554e931620c90e6a25b0",
                "sha256:354c16e5babd09f5cb0ee000d54cfa38401d8b8891eefa878ac772f827181a3c",
                "sha256:48e5b1e71f25cfdef98b013263a88d7145879fbb2d5185f2a0c79fa7ebbeae47",
                "sha256:4e0b70c6fc4d010f8107726af5fd37921b666f5b31d9331f0bd24ad9a088e631",
                "sha256:630968c5cdee51a11c05a30453f8cd65e0cc1d2ad0d9192819df9978984529f4",
                "sha256:66480f95b8167c9c5c5c87f32cf437d585937970f3fc24386f313a4c97b44e34",
                "sha256:71211d26ffd12d63a83e079ff258ac9d56a1376a25bc80b1cdcdf601b855b90b",
                "sha256:7954560051331d003b4e2b3eb822d9dd2e376fa4f6d98fee32f452f52dd6ebb2",
                "sha256:838997f4310012cf2e1ad3803bce2f3402e9ffb71ded61b5ee22617b3a7f6b6e",
                "sha256:95bd11af7eafc16e829af2d3df510cecfd4387f6453355188342c3e79a2ec87a",
                "sha256:bc6c7d3fa1325a0c6613512a093bc2a2a15aeec350451cbdf9e1d4bffe3e3233",
                "sha256:cc34a6f5b426748a507dd5d1de4c1978f2eb5626d51326e43280941206c209e1",
                "sha256:d755f03c1e4a51e9b24d899561fec4ccaf51f210d52abdf8c07ee2849b212a36",
                "sha256:d7c45933b1bdfaf9f36c579671fec15d25b06c8398f113dab64c18ed1adda01d",
                "sha256:d896919306dd0aa22d0132f62a1b78d11aaf4c9fc5b3410d3c666b818191630a",
                "sha256:fdc1c9bbf79510b76408840e009ed65958feba92a88833cdceecff93ae8fff66",
                "sha256:ffde2fbfad571af120fcbfbbc61c72469e72f550d676c3342492a9dfdefb8f12"
            ],
            "markers": "implementation_name == 'cpython' and python_version < '3.8'",
            "version": "==1.4.0"
        },
        "virtualenv": {
            "hashes": [
                "sha256:0d62c70883c0342d59c11d0ddac0d954d0431321a41ab20851facf2b222598f3",
                "sha256:55059a7a676e4e19498f1aad09b8313a38fcc0cdbe4fdddc0e9b06946d21b4bb"
            ],
            "version": "==16.7.9"
        },
        "wcwidth": {
            "hashes": [
                "sha256:3df37372226d6e63e1b1e1eda15c594bca98a22d33a23832a90998faa96bc65e",
                "sha256:f4ebe71925af7b40a864553f761ed559b43544f8f71746c2d756c7fe788ade7c"
            ],
            "version": "==0.1.7"
        },
        "wrapt": {
            "hashes": [
                "sha256:565a021fd19419476b9362b05eeaa094178de64f8361e44468f9e9d7843901e1"
            ],
            "version": "==1.11.2"
        },
        "zipp": {
            "hashes": [
                "sha256:3718b1cbcd963c7d4c5511a8240812904164b7f381b647143a89d3b98f9bcd8e",
                "sha256:f06903e9f1f43b12d371004b4ac7b06ab39a44adc747266928ae6debfa7b3335"
            ],
            "version": "==0.6.0"
        }
    }
}
