[[package]]
name = "atomicwrites"
version = "1.4.0"
description = "Atomic file writes."
category = "dev"
optional = false
python-versions = ">=2.7, !=3.0.*, !=3.1.*, !=3.2.*, !=3.3.*"

[[package]]
name = "attrs"
version = "21.2.0"
description = "Classes Without Boilerplate"
category = "dev"
optional = false
python-versions = ">=2.7, !=3.0.*, !=3.1.*, !=3.2.*, !=3.3.*, !=3.4.*"

[package.extras]
dev = ["coverage[toml] (>=5.0.2)", "furo", "hypothesis", "mypy", "pre-commit", "pympler", "pytest (>=4.3.0)", "pytest-mypy-plugins", "six", "sphinx", "sphinx-notfound-page", "zope.interface"]
docs = ["furo", "sphinx", "sphinx-notfound-page", "zope.interface"]
tests = ["coverage[toml] (>=5.0.2)", "hypothesis", "mypy", "pympler", "pytest (>=4.3.0)", "pytest-mypy-plugins", "six", "zope.interface"]
tests-no-zope = ["coverage[toml] (>=5.0.2)", "hypothesis", "mypy", "pympler", "pytest (>=4.3.0)", "pytest-mypy-plugins", "six"]

[[package]]
name = "blis"
version = "0.7.4"
description = "The Blis BLAS-like linear algebra library, as a self-contained C-extension."
category = "main"
optional = false
python-versions = "*"

[package.dependencies]
numpy = ">=1.15.0"

[[package]]
name = "catalogue"
version = "1.0.0"
description = "Super lightweight function registries for your library"
category = "main"
optional = false
python-versions = "!=3.0.*,!=3.1.*,!=3.2.*,!=3.3.*,>=2.7"

[[package]]
name = "certifi"
version = "2022.12.7"
description = "Python package for providing Mozilla's CA Bundle."
category = "main"
optional = false
python-versions = ">=3.6"

[[package]]
name = "chardet"
version = "4.0.0"
description = "Universal encoding detector for Python 2 and 3"
category = "main"
optional = false
python-versions = ">=2.7, !=3.0.*, !=3.1.*, !=3.2.*, !=3.3.*, !=3.4.*"

[[package]]
name = "colorama"
version = "0.4.4"
description = "Cross-platform colored terminal text."
category = "dev"
optional = false
python-versions = ">=2.7, !=3.0.*, !=3.1.*, !=3.2.*, !=3.3.*, !=3.4.*"

[[package]]
name = "cymem"
version = "2.0.5"
description = "Manage calls to calloc/free through Cython"
category = "main"
optional = false
python-versions = "*"

[[package]]
name = "cython"
version = "0.29.23"
description = "The Cython compiler for writing C extensions for the Python language."
category = "dev"
optional = false
python-versions = ">=2.6, !=3.0.*, !=3.1.*, !=3.2.*"

[[package]]
name = "dartsclone"
version = "0.9.0"
description = "Python binding of Darts Clone"
category = "dev"
optional = false
python-versions = "*"

[package.dependencies]
Cython = "*"

[[package]]
name = "idna"
version = "2.10"
description = "Internationalized Domain Names in Applications (IDNA)"
category = "main"
optional = false
python-versions = ">=2.7, !=3.0.*, !=3.1.*, !=3.2.*, !=3.3.*"

[[package]]
name = "iniconfig"
version = "1.1.1"
description = "iniconfig: brain-dead simple config-ini parsing"
category = "dev"
optional = false
python-versions = "*"

[[package]]
name = "murmurhash"
version = "1.0.5"
description = "Cython bindings for MurmurHash"
category = "main"
optional = false
python-versions = "*"

[[package]]
name = "numpy"
version = "1.21.0"
description = "NumPy is the fundamental package for array computing with Python."
category = "main"
optional = false
python-versions = ">=3.7"

[[package]]
name = "packaging"
version = "20.9"
description = "Core utilities for Python packages"
category = "dev"
optional = false
python-versions = ">=2.7, !=3.0.*, !=3.1.*, !=3.2.*, !=3.3.*"

[package.dependencies]
pyparsing = ">=2.0.2"

[[package]]
name = "plac"
version = "1.1.3"
description = "The smartest command line arguments parser in the world"
category = "main"
optional = false
python-versions = "*"

[[package]]
name = "pluggy"
version = "0.13.1"
description = "plugin and hook calling mechanisms for python"
category = "dev"
optional = false
python-versions = ">=2.7, !=3.0.*, !=3.1.*, !=3.2.*, !=3.3.*"

[package.extras]
dev = ["pre-commit", "tox"]

[[package]]
name = "preshed"
version = "3.0.5"
description = "Cython hash table that trusts the keys are pre-hashed"
category = "main"
optional = false
python-versions = "*"

[package.dependencies]
cymem = ">=2.0.2,<2.1.0"
murmurhash = ">=0.28.0,<1.1.0"

[[package]]
name = "py"
version = "1.10.0"
description = "library with cross-python path, ini-parsing, io, code, log facilities"
category = "dev"
optional = false
python-versions = ">=2.7, !=3.0.*, !=3.1.*, !=3.2.*, !=3.3.*"

[[package]]
name = "pyahocorasick"
version = "1.4.2"
description = "pyahocorasick is a fast and memory efficient library for exact or approximate multi-pattern string search.  With the ahocorasick.Automaton class, you can find multiple key strings occurrences at once in some input text.  You can use it as a plain dict-like Trie or convert a Trie to an automaton for efficient Aho-Corasick search.  Implemented in C and tested on Python 2.7 and 3.4+.  Works on Linux, Mac and Windows. BSD-3-clause license."
category = "main"
optional = false
python-versions = "*"

[[package]]
name = "pyparsing"
version = "2.4.7"
description = "Python parsing module"
category = "dev"
optional = false
python-versions = ">=2.6, !=3.0.*, !=3.1.*, !=3.2.*"

[[package]]
name = "pytest"
version = "6.2.4"
description = "pytest: simple powerful testing with Python"
category = "dev"
optional = false
python-versions = ">=3.6"

[package.dependencies]
atomicwrites = {version = ">=1.0", markers = "sys_platform == \"win32\""}
attrs = ">=19.2.0"
colorama = {version = "*", markers = "sys_platform == \"win32\""}
iniconfig = "*"
packaging = "*"
pluggy = ">=0.12,<1.0.0a1"
py = ">=1.8.2"
toml = "*"

[package.extras]
testing = ["argcomplete", "hypothesis (>=3.56)", "mock", "nose", "requests", "xmlschema"]

[[package]]
name = "pytextspan"
version = "0.5.4"
description = ""
category = "main"
optional = false
python-versions = "^3.6"

[[package]]
name = "requests"
version = "2.25.1"
description = "Python HTTP for Humans."
category = "main"
optional = false
python-versions = ">=2.7, !=3.0.*, !=3.1.*, !=3.2.*, !=3.3.*, !=3.4.*"

[package.dependencies]
certifi = ">=2017.4.17"
chardet = ">=3.0.2,<5"
idna = ">=2.5,<3"
urllib3 = ">=1.21.1,<1.27"

[package.extras]
security = ["cryptography (>=1.3.4)", "pyOpenSSL (>=0.14)"]
socks = ["PySocks (>=1.5.6,!=1.5.7)", "win-inet-pton"]

[[package]]
name = "setuptools"
version = "65.6.3"
description = "Easily download, build, install, upgrade, and uninstall Python packages"
category = "main"
optional = false
python-versions = ">=3.7"

[package.extras]
docs = ["furo", "jaraco.packaging (>=9)", "jaraco.tidelift (>=1.4)", "pygments-github-lexers (==0.0.5)", "rst.linker (>=1.9)", "sphinx (>=3.5)", "sphinx-favicon", "sphinx-hoverxref (<2)", "sphinx-inline-tabs", "sphinx-notfound-page (==0.8.3)", "sphinx-reredirects", "sphinxcontrib-towncrier"]
testing = ["build[virtualenv]", "filelock (>=3.4.0)", "flake8 (<5)", "flake8-2020", "ini2toml[lite] (>=0.9)", "jaraco.envs (>=2.2)", "jaraco.path (>=3.2.0)", "pip (>=19.1)", "pip-run (>=8.8)", "pytest (>=6)", "pytest-black (>=0.3.7)", "pytest-checkdocs (>=2.4)", "pytest-cov", "pytest-enabler (>=1.3)", "pytest-flake8", "pytest-mypy (>=0.9.1)", "pytest-perf", "pytest-timeout", "pytest-xdist", "tomli-w (>=1.0.0)", "virtualenv (>=13.0.0)", "wheel"]
testing-integration = ["build[virtualenv]", "filelock (>=3.4.0)", "jaraco.envs (>=2.2)", "jaraco.path (>=3.2.0)", "pytest", "pytest-enabler", "pytest-xdist", "tomli", "virtualenv (>=13.0.0)", "wheel"]

[[package]]
name = "sortedcontainers"
version = "2.1.0"
description = "Sorted Containers -- Sorted List, Sorted Dict, Sorted Set"
category = "dev"
optional = false
python-versions = "*"

[[package]]
name = "spacy"
version = "2.3.7"
description = "Industrial-strength Natural Language Processing (NLP) in Python"
category = "main"
optional = false
python-versions = "!=3.0.*,!=3.1.*,!=3.2.*,!=3.3.*,!=3.4.*,>=2.7"

[package.dependencies]
blis = ">=0.4.0,<0.8.0"
catalogue = ">=0.0.7,<1.1.0"
cymem = ">=2.0.2,<2.1.0"
murmurhash = ">=0.28.0,<1.1.0"
numpy = ">=1.15.0"
plac = ">=0.9.6,<1.2.0"
preshed = ">=3.0.2,<3.1.0"
requests = ">=2.13.0,<3.0.0"
setuptools = "*"
srsly = ">=1.0.2,<1.1.0"
thinc = ">=7.4.1,<7.5.0"
tqdm = ">=4.38.0,<5.0.0"
wasabi = ">=0.4.0,<1.1.0"

[package.extras]
cuda = ["cupy (>=5.0.0b4)"]
cuda100 = ["cupy-cuda100 (>=5.0.0b4)"]
cuda101 = ["cupy-cuda101 (>=5.0.0b4)"]
cuda102 = ["cupy-cuda102 (>=5.0.0b4)"]
cuda110 = ["cupy-cuda110 (>=5.0.0b4)"]
cuda111 = ["cupy-cuda111 (>=5.0.0b4)"]
cuda80 = ["cupy-cuda80 (>=5.0.0b4)"]
cuda90 = ["cupy-cuda90 (>=5.0.0b4)"]
cuda91 = ["cupy-cuda91 (>=5.0.0b4)"]
cuda92 = ["cupy-cuda92 (>=5.0.0b4)"]
ja = ["sudachidict-core (>=20200330)", "sudachipy (>=0.4.5)"]
ko = ["natto-py (==0.9.0)"]
lookups = ["spacy-lookups-data (>=0.3.2,<0.4.0)"]
th = ["pythainlp (>=2.0)"]

[[package]]
name = "srsly"
version = "1.0.5"
description = "Modern high-performance serialization utilities for Python"
category = "main"
optional = false
python-versions = "*"

[[package]]
name = "sudachidict-core"
version = "20210608"
description = "Sudachi Dictionary for SudachiPy - Core Edition"
category = "dev"
optional = false
python-versions = "*"

[package.dependencies]
SudachiPy = ">=0.5.0,<0.6.0"

[[package]]
name = "sudachipy"
version = "0.5.2"
description = "Python version of Sudachi, the Japanese Morphological Analyzer"
category = "dev"
optional = false
python-versions = "*"

[package.dependencies]
dartsclone = ">=0.9.0,<0.10.0"
sortedcontainers = ">=2.1.0,<2.2.0"

[[package]]
name = "thinc"
version = "7.4.5"
description = "Practical Machine Learning for NLP"
category = "main"
optional = false
python-versions = "*"

[package.dependencies]
blis = ">=0.4.0,<0.8.0"
catalogue = ">=0.0.7,<1.1.0"
cymem = ">=2.0.2,<2.1.0"
murmurhash = ">=0.28.0,<1.1.0"
numpy = ">=1.15.0"
plac = ">=0.9.6,<1.2.0"
preshed = ">=1.0.1,<3.1.0"
srsly = ">=0.0.6,<1.1.0"
tqdm = ">=4.10.0,<5.0.0"
wasabi = ">=0.0.9,<1.1.0"

[package.extras]
cuda = ["cupy (>=5.0.0b4)"]
cuda100 = ["cupy-cuda100 (>=5.0.0b4)"]
cuda101 = ["cupy-cuda101 (>=5.0.0b4)"]
cuda102 = ["cupy-cuda102 (>=5.0.0b4)"]
cuda110 = ["cupy-cuda110 (>=5.0.0b4)"]
cuda111 = ["cupy-cuda111 (>=5.0.0b4)"]
cuda80 = ["cupy-cuda80 (>=5.0.0b4)"]
cuda90 = ["cupy-cuda90 (>=5.0.0b4)"]
cuda91 = ["cupy-cuda91 (>=5.0.0b4)"]
cuda92 = ["cupy-cuda92 (>=5.0.0b4)"]

[[package]]
name = "toml"
version = "0.10.2"
description = "Python Library for Tom's Obvious, Minimal Language"
category = "dev"
optional = false
python-versions = ">=2.6, !=3.0.*, !=3.1.*, !=3.2.*"

[[package]]
name = "tqdm"
version = "4.61.1"
description = "Fast, Extensible Progress Meter"
category = "main"
optional = false
python-versions = "!=3.0.*,!=3.1.*,!=3.2.*,!=3.3.*,>=2.7"

[package.extras]
dev = ["py-make (>=0.1.0)", "twine", "wheel"]
notebook = ["ipywidgets (>=6)"]
telegram = ["requests"]

[[package]]
name = "urllib3"
version = "1.26.6"
description = "HTTP library with thread-safe connection pooling, file post, and more."
category = "main"
optional = false
python-versions = ">=2.7, !=3.0.*, !=3.1.*, !=3.2.*, !=3.3.*, !=3.4.*, <4"

[package.extras]
brotli = ["brotlipy (>=0.6.0)"]
secure = ["certifi", "cryptography (>=1.3.4)", "idna (>=2.0.0)", "ipaddress", "pyOpenSSL (>=0.14)"]
socks = ["PySocks (>=1.5.6,!=1.5.7,<2.0)"]

[[package]]
name = "wasabi"
version = "0.8.2"
description = "A lightweight console printing and formatting toolkit"
category = "main"
optional = false
python-versions = "*"

[metadata]
lock-version = "1.1"
python-versions = "^3.8"
content-hash = "5148355911fbee8d77a5035016cb76d979f5c4cd6ee8f813fca8fb9362eb14de"

[metadata.files]
atomicwrites = [
    {file = "atomicwrites-1.4.0-py2.py3-none-any.whl", hash = "sha256:6d1784dea7c0c8d4a5172b6c620f40b6e4cbfdf96d783691f2e1302a7b88e197"},
    {file = "atomicwrites-1.4.0.tar.gz", hash = "sha256:ae70396ad1a434f9c7046fd2dd196fc04b12f9e91ffb859164193be8b6168a7a"},
]
attrs = [
    {file = "attrs-21.2.0-py2.py3-none-any.whl", hash = "sha256:149e90d6d8ac20db7a955ad60cf0e6881a3f20d37096140088356da6c716b0b1"},
    {file = "attrs-21.2.0.tar.gz", hash = "sha256:ef6aaac3ca6cd92904cdd0d83f629a15f18053ec84e6432106f7a4d04ae4f5fb"},
]
blis = [
    {file = "blis-0.7.4-cp36-cp36m-macosx_10_9_x86_64.whl", hash = "sha256:5b403deb2ad5515e1edb3c0867bccb5b974b461f24283d9219a3a761fd6dacc6"},
    {file = "blis-0.7.4-cp36-cp36m-manylinux2014_x86_64.whl", hash = "sha256:9f9b829480c12fc834549306821e5c51cb28b216ca5f88c5b2cfedbeb9daf67d"},
    {file = "blis-0.7.4-cp36-cp36m-win_amd64.whl", hash = "sha256:c2d8064217c326dd9a0dcbae294ffe8557263e2a00d76101ffa222b9c9d9c62d"},
    {file = "blis-0.7.4-cp37-cp37m-macosx_10_9_x86_64.whl", hash = "sha256:d717b5dea407aac89a646908e7d9849105abab9c88a539c120518c200f899f4e"},
    {file = "blis-0.7.4-cp37-cp37m-manylinux2014_x86_64.whl", hash = "sha256:5ecddc4c6daf80558154b091db0a9839bb15dbe65d2906a543a73b93fbce4f73"},
    {file = "blis-0.7.4-cp37-cp37m-win_amd64.whl", hash = "sha256:6814991b3e3193db4f9b2417174c6f24b9c0197409d864fa7628583bd2df1f0f"},
    {file = "blis-0.7.4-cp38-cp38-macosx_10_9_x86_64.whl", hash = "sha256:4222bbc7b9c47bc3cf6f36f2241862c1512ca7ebac3828267a2e05ef6c47fc54"},
    {file = "blis-0.7.4-cp38-cp38-manylinux2014_x86_64.whl", hash = "sha256:445e4838b809e99677f5c0982fb9af320f0d91328fb28c8097e5f1173c4df9d6"},
    {file = "blis-0.7.4-cp38-cp38-win_amd64.whl", hash = "sha256:94890b2296f1449baa56aede46627ea7fc8de11c788f9c261ee38c2eb4a2cc7d"},
    {file = "blis-0.7.4-cp39-cp39-macosx_10_9_x86_64.whl", hash = "sha256:168fd7bd763ebe529aa25a066d3a6b89f4c3f492f6297f881df6942741b95787"},
    {file = "blis-0.7.4-cp39-cp39-manylinux2014_x86_64.whl", hash = "sha256:5c1a2023f7d8431daa8d87d32f539bb23e1a009500c37f9eba0ac7b3f20f73eb"},
    {file = "blis-0.7.4-cp39-cp39-win_amd64.whl", hash = "sha256:78a8e0ee72a42c3b2f5b9114500a781119995f76fa6c21d4b02c6fb9c21df2cc"},
    {file = "blis-0.7.4.tar.gz", hash = "sha256:7daa615a97d4f28db0f332b710bfe1900b15d0c25841c6d727965e4fd91e09cf"},
]
catalogue = [
    {file = "catalogue-1.0.0-py2.py3-none-any.whl", hash = "sha256:584d78e7f4c3c6e2fd498eb56dfc8ef1f4ff738480237de2ccd26cbe2cf47172"},
    {file = "catalogue-1.0.0.tar.gz", hash = "sha256:d74d1d856c6b36a37bf14aa6dbbc27d0582667b7ab979a6108e61a575e8723f5"},
]
certifi = [
    {file = "certifi-2022.12.7-py3-none-any.whl", hash = "sha256:4ad3232f5e926d6718ec31cfc1fcadfde020920e278684144551c91769c7bc18"},
    {file = "certifi-2022.12.7.tar.gz", hash = "sha256:35824b4c3a97115964b408844d64aa14db1cc518f6562e8d7261699d1350a9e3"},
]
chardet = [
    {file = "chardet-4.0.0-py2.py3-none-any.whl", hash = "sha256:f864054d66fd9118f2e67044ac8981a54775ec5b67aed0441892edb553d21da5"},
    {file = "chardet-4.0.0.tar.gz", hash = "sha256:0d6f53a15db4120f2b08c94f11e7d93d2c911ee118b6b30a04ec3ee8310179fa"},
]
colorama = [
    {file = "colorama-0.4.4-py2.py3-none-any.whl", hash = "sha256:9f47eda37229f68eee03b24b9748937c7dc3868f906e8ba69fbcbdd3bc5dc3e2"},
    {file = "colorama-0.4.4.tar.gz", hash = "sha256:5941b2b48a20143d2267e95b1c2a7603ce057ee39fd88e7329b0c292aa16869b"},
]
cymem = [
    {file = "cymem-2.0.5-cp36-cp36m-macosx_10_9_x86_64.whl", hash = "sha256:9d72d69f7a62a280199c3aa7bc550685c47d6d0689b2d299e6492253b86d2437"},
    {file = "cymem-2.0.5-cp36-cp36m-manylinux2014_x86_64.whl", hash = "sha256:8ea57e6923f40eb51012352161bb5707c14a5a5ce901ff72021e59df06221655"},
    {file = "cymem-2.0.5-cp36-cp36m-win_amd64.whl", hash = "sha256:4bd023c2477198b39b660c2a6b0242880649765ecee8461688a57fd4afd2bfc0"},
    {file = "cymem-2.0.5-cp37-cp37m-macosx_10_9_x86_64.whl", hash = "sha256:1f0eb9b3d03623dcfc746cf8bff0663b0e347f4aea759965c8932087a0307ee9"},
    {file = "cymem-2.0.5-cp37-cp37m-manylinux2014_x86_64.whl", hash = "sha256:a440d63577fcdc9c528c9cc026b7b4f8648193bac462bc0596c9eac10f9fba62"},
    {file = "cymem-2.0.5-cp37-cp37m-win_amd64.whl", hash = "sha256:3d48902d7441645835fefc7832df49feb5362c7300d182475b63a01d25ae44ef"},
    {file = "cymem-2.0.5-cp38-cp38-macosx_10_9_x86_64.whl", hash = "sha256:f2167c9959fcd639b95d51fa5efaa7c61eef8d686cb75a25412a914f428ce980"},
    {file = "cymem-2.0.5-cp38-cp38-manylinux2014_x86_64.whl", hash = "sha256:734d82d0d03c2ceb929bc1744c04dbe0a105e68a4947c8406056a36f86c41830"},
    {file = "cymem-2.0.5-cp38-cp38-win_amd64.whl", hash = "sha256:01d3ea159f7a3f3192b1e800ed8207dac7586794d903a153198b9ea317f144bc"},
    {file = "cymem-2.0.5-cp39-cp39-macosx_10_9_x86_64.whl", hash = "sha256:d307f7f6230d861a938837cae4b855226b6845a21c010242a15e9ce6853856cd"},
    {file = "cymem-2.0.5-cp39-cp39-manylinux2014_x86_64.whl", hash = "sha256:ce1e81c1d031f56b67bac2136e73b4512cbc794706cd570178972d54ba6115d8"},
    {file = "cymem-2.0.5-cp39-cp39-win_amd64.whl", hash = "sha256:d19f68b90411e02ab33b1654118337f96f41c13a3cd00c4f44f7abed2bc712e7"},
    {file = "cymem-2.0.5.tar.gz", hash = "sha256:190e15d9cf2c3bde60ae37bddbae6568a36044dc4a326d84081a5fa08818eee0"},
]
cython = [
    {file = "Cython-0.29.23-cp27-cp27m-macosx_10_9_x86_64.whl", hash = "sha256:ff885f18d169759b57f116d3956e45cd2b9cba989fde348bba091544c668dc11"},
    {file = "Cython-0.29.23-cp27-cp27m-manylinux1_i686.whl", hash = "sha256:3b29224eb62309a10819d923dc6262f769e4f3facfee3cd06372c355e5b38b33"},
    {file = "Cython-0.29.23-cp27-cp27m-manylinux1_x86_64.whl", hash = "sha256:355a6e768d91e21fbf477b61881bab64b7a2da386a166898997bccefd532cf5d"},
    {file = "Cython-0.29.23-cp27-cp27m-win32.whl", hash = "sha256:2af52d312e96b38ded38b34d06e22685c226b1b0e58278bd27209f5d2385d115"},
    {file = "Cython-0.29.23-cp27-cp27m-win_amd64.whl", hash = "sha256:519fccf526d26b377e1db22f22aa44889b28bc5833ec106588cb13557e8ba2da"},
    {file = "Cython-0.29.23-cp27-cp27mu-manylinux1_i686.whl", hash = "sha256:625a16103770fd92b487b701fb0c07e5790b080f40fa11ce572a2d56d9e9fcca"},
    {file = "Cython-0.29.23-cp27-cp27mu-manylinux1_x86_64.whl", hash = "sha256:7b7a766726d207d7cd57aff0fcb4b35ce042d3cc88a421fcdb45eeb61a5b9d12"},
    {file = "Cython-0.29.23-cp34-cp34m-win32.whl", hash = "sha256:474c1a29ab43e29d990df279e2cf6aa96baa9208f5cd4bc76ac87ffcdf1e2945"},
    {file = "Cython-0.29.23-cp34-cp34m-win_amd64.whl", hash = "sha256:f4aca6bffb1c1c3c4ada3347d0b162a699c18a66e097ee08b63b3a35118fdfcc"},
    {file = "Cython-0.29.23-cp35-cp35m-manylinux1_i686.whl", hash = "sha256:58dc06871bfdb0592542d779714fe9f918e11ba20ac07757dd63b198bdc704fe"},
    {file = "Cython-0.29.23-cp35-cp35m-manylinux1_x86_64.whl", hash = "sha256:2a3bbce689a2fddb85aa66712d93875c99bf7f64ac82b1d149ecce522a7a4e0c"},
    {file = "Cython-0.29.23-cp35-cp35m-manylinux2014_aarch64.whl", hash = "sha256:8b8a02883ef75f21472205e8db2e471efb142729030fedb8c4e59a06866682ee"},
    {file = "Cython-0.29.23-cp35-cp35m-win32.whl", hash = "sha256:3ef530f975e3a760e7282fce2a25f900fa63f96d17321b4aa5f5542eb9859cdf"},
    {file = "Cython-0.29.23-cp35-cp35m-win_amd64.whl", hash = "sha256:ef21c51350462160456eb71df31b0869e5141e940f22c61c358bdb6e3ebc3388"},
    {file = "Cython-0.29.23-cp36-cp36m-macosx_10_9_x86_64.whl", hash = "sha256:20402ef316393168909926ab21848aa6e08e39bed5003b657139774e66166cd0"},
    {file = "Cython-0.29.23-cp36-cp36m-manylinux1_i686.whl", hash = "sha256:4858043ac5f96a8f0277cf63760bb39b9521c1f897678cf1d22423f3e758f4ed"},
    {file = "Cython-0.29.23-cp36-cp36m-manylinux1_x86_64.whl", hash = "sha256:4d7c3b0882d8757c601eaf288fc0d321d5c7ac6c3afb8c42eddf9325a3419cf5"},
    {file = "Cython-0.29.23-cp36-cp36m-manylinux2014_aarch64.whl", hash = "sha256:b05f365329e8ad44ff492408265841c83a43b83e430286490791a1f4bdaa0bef"},
    {file = "Cython-0.29.23-cp36-cp36m-win32.whl", hash = "sha256:37ff66039e3d138ec968ee1d1e12441fa5fb4e6a9c5458bc3c3a232f01be4a7d"},
    {file = "Cython-0.29.23-cp36-cp36m-win_amd64.whl", hash = "sha256:5be3ae3189cf7d0e9bbeafb854496dc7030c6f6a5602d809435fab8223543a41"},
    {file = "Cython-0.29.23-cp37-cp37m-macosx_10_9_x86_64.whl", hash = "sha256:b0699f0dc90181f2458fdb8170455e7798a309e18f41379eda7a2dc8c7aadee0"},
    {file = "Cython-0.29.23-cp37-cp37m-manylinux1_i686.whl", hash = "sha256:41cd0dd2ff5d78466e73409db509887a84449b400074d4f217980cedbb18e4be"},
    {file = "Cython-0.29.23-cp37-cp37m-manylinux1_x86_64.whl", hash = "sha256:aa3bb0928fb2aa3a8828801eb8b29af2261c199f805ae835467489e2bdd00372"},
    {file = "Cython-0.29.23-cp37-cp37m-manylinux2014_aarch64.whl", hash = "sha256:a6b02900d80c6f1ad4fc2060563922b4f031505c69ceeceba112d8971aacbcc3"},
    {file = "Cython-0.29.23-cp37-cp37m-win32.whl", hash = "sha256:20cb50d9fede8029bdb50875458f07a27f909289aeed4cdb9c19544dd9a9bc45"},
    {file = "Cython-0.29.23-cp37-cp37m-win_amd64.whl", hash = "sha256:c4b82461edbbcf90f19b319006345b77474a2d7514e1476d49a14bbd55d6b797"},
    {file = "Cython-0.29.23-cp38-cp38-macosx_10_9_x86_64.whl", hash = "sha256:794e3df0b57e16bce7583ac909126f4cb381fe566adadb20484d89095855eedb"},
    {file = "Cython-0.29.23-cp38-cp38-manylinux1_i686.whl", hash = "sha256:0c4b9f7e3aa004cf3f364e3e772f55fec5740485bafea99d1f13bdc9bbd8a545"},
    {file = "Cython-0.29.23-cp38-cp38-manylinux1_x86_64.whl", hash = "sha256:ceccc03b633113ede1f14ad914a6db5c278ce108c8ddb308a5c01c1567d8a02a"},
    {file = "Cython-0.29.23-cp38-cp38-manylinux2014_aarch64.whl", hash = "sha256:06317468cfbf6f77f8c5b71cec76a565bd8c01432914d2d6338a298bab86f9f7"},
    {file = "Cython-0.29.23-cp38-cp38-win32.whl", hash = "sha256:4b0bcf2e06a9063fc78c3243ed4003228375d532ef13b9e5d7183be8f0a52cf5"},
    {file = "Cython-0.29.23-cp38-cp38-win_amd64.whl", hash = "sha256:5a6792153b728a0240e55bbb5b643f4f7e45c76319e03abf15bf367471ea1d1a"},
    {file = "Cython-0.29.23-cp39-cp39-macosx_10_9_x86_64.whl", hash = "sha256:a8eed9c82e8fe07b8a8ffbd36018871a17458903fc25c9d015f37b54513a3efd"},
    {file = "Cython-0.29.23-cp39-cp39-manylinux1_i686.whl", hash = "sha256:266459c7e48fe3c6c492b297e4033e42d4c6863cc1a1ff7cc4034949fc574fa6"},
    {file = "Cython-0.29.23-cp39-cp39-manylinux1_x86_64.whl", hash = "sha256:4b6824b58d4373224fc76ee8bee6b35c2d17c91a1ed0fa67b88440f63daebe50"},
    {file = "Cython-0.29.23-cp39-cp39-manylinux2014_aarch64.whl", hash = "sha256:5baab5e14dd1fda34044aebf5303c69c4ce88ba7082e0b77b7a25bd09bfc39df"},
    {file = "Cython-0.29.23-cp39-cp39-win32.whl", hash = "sha256:7d6a33c8a11f05f698e215bfdb837f32c27f63c20f3af863557ed91c748dc2be"},
    {file = "Cython-0.29.23-cp39-cp39-win_amd64.whl", hash = "sha256:2365f3b5e6451b6bc6dcd262230656f4ade1d862ec2f6c22154deebef37c08b6"},
    {file = "Cython-0.29.23-py2.py3-none-any.whl", hash = "sha256:282263628c5d601b313d5920f7b6d7e08c7fedbddacd080c4858aa04d86b6b4b"},
    {file = "Cython-0.29.23.tar.gz", hash = "sha256:6a0d31452f0245daacb14c979c77e093eb1a546c760816b5eed0047686baad8e"},
]
dartsclone = [
    {file = "dartsclone-0.9.0-cp36-cp36m-macosx_10_13_x86_64.whl", hash = "sha256:9d7776a98a29a09f27605b2a38776c098f967065449fabc07b8417bee2ac2695"},
    {file = "dartsclone-0.9.0-cp36-cp36m-manylinux1_i686.whl", hash = "sha256:31526b6be82f2b6dd972802483298c964735044ced874d86a41aaa2767946b05"},
    {file = "dartsclone-0.9.0-cp36-cp36m-manylinux1_x86_64.whl", hash = "sha256:86773da42e67bc88429c5dbfb1bbd730ada89705cd19a22818dbda07022acdc3"},
    {file = "dartsclone-0.9.0-cp36-cp36m-win32.whl", hash = "sha256:fbd6bedaa48d6e2a55bf3c3e2d7e237dc16011c94e095378be4cf38a2d2be6f3"},
    {file = "dartsclone-0.9.0-cp36-cp36m-win_amd64.whl", hash = "sha256:d82d9291f76bf6d884e1856220bf4eb5e2782b442e9862c5eb46cd7a5e78b0d1"},
    {file = "dartsclone-0.9.0-cp37-cp37m-macosx_10_13_x86_64.whl", hash = "sha256:57e94d298109fbeacfbec3ea39cb5be02c1e662d9a026f6bbe629725f4bcf714"},
    {file = "dartsclone-0.9.0-cp37-cp37m-manylinux1_i686.whl", hash = "sha256:ac706d78f83e0ab9281b56136e2c90179b68e444cde48ebe74ddb3462d608499"},
    {file = "dartsclone-0.9.0-cp37-cp37m-manylinux1_x86_64.whl", hash = "sha256:dc23a841448f6382903cf893c99b54713a4ddc362f8af39d62e8b2b8eac94377"},
    {file = "dartsclone-0.9.0-cp37-cp37m-win32.whl", hash = "sha256:5771e089b564fd79edc2f3a21b03474bf4f115a8251d1b185c70110b334cf33b"},
    {file = "dartsclone-0.9.0-cp37-cp37m-win_amd64.whl", hash = "sha256:9ec3051f2d3a94ba0d8edf3798bc14fd905b7dff6dbdc982f32ceba18a767bc4"},
    {file = "dartsclone-0.9.0-cp38-cp38-macosx_10_13_x86_64.whl", hash = "sha256:b967698e94ce991a12ab8e98d02968beeec2bb739de24ffc6a273284abcf83c9"},
    {file = "dartsclone-0.9.0-cp38-cp38-manylinux1_i686.whl", hash = "sha256:eb353030aa25355ccc3bf3b98c97b3ef06263fe5050cb92a62bf50aba2472884"},
    {file = "dartsclone-0.9.0-cp38-cp38-manylinux1_x86_64.whl", hash = "sha256:ee0b39c73cac7c3b25b40c178ee239c53c3ebebac57551535a1d534c1d55fa0b"},
    {file = "dartsclone-0.9.0-cp38-cp38-win32.whl", hash = "sha256:bc29f27e654253d29ed242422c45a6e0cc90d291165cd753ca0d34bdee15b180"},
    {file = "dartsclone-0.9.0-cp38-cp38-win_amd64.whl", hash = "sha256:b1e0cbca0e1865b6b5238580a015cf40077fea31548b0a98152bca8c46dea0e6"},
    {file = "dartsclone-0.9.0.tar.gz", hash = "sha256:311bc24cd13ef9a8c3632bb3e5986f97ca53cf28420501b2cc343859b0c8ce26"},
]
idna = [
    {file = "idna-2.10-py2.py3-none-any.whl", hash = "sha256:b97d804b1e9b523befed77c48dacec60e6dcb0b5391d57af6a65a312a90648c0"},
    {file = "idna-2.10.tar.gz", hash = "sha256:b307872f855b18632ce0c21c5e45be78c0ea7ae4c15c828c20788b26921eb3f6"},
]
iniconfig = [
    {file = "iniconfig-1.1.1-py2.py3-none-any.whl", hash = "sha256:011e24c64b7f47f6ebd835bb12a743f2fbe9a26d4cecaa7f53bc4f35ee9da8b3"},
    {file = "iniconfig-1.1.1.tar.gz", hash = "sha256:bc3af051d7d14b2ee5ef9969666def0cd1a000e121eaea580d4a313df4b37f32"},
]
murmurhash = [
    {file = "murmurhash-1.0.5-cp36-cp36m-macosx_10_9_x86_64.whl", hash = "sha256:ef8819d15973e0d6f69688bafc097a1fae081675c1de39807028869a1320b1a9"},
    {file = "murmurhash-1.0.5-cp36-cp36m-manylinux1_x86_64.whl", hash = "sha256:76251513a2acad6c2e4b7aeffc5fcb807ee97a66cad5c2990557556555a6b7e9"},
    {file = "murmurhash-1.0.5-cp36-cp36m-manylinux2014_x86_64.whl", hash = "sha256:d58315961dc5a5e740f41f2ac5c3a0ebc61ef472f8afeb4db7eeb3b863243105"},
    {file = "murmurhash-1.0.5-cp36-cp36m-win_amd64.whl", hash = "sha256:23c56182822a1ed88e2a098ac56958dfec380696a9a943df203b9b41e4bcf5e4"},
    {file = "murmurhash-1.0.5-cp37-cp37m-macosx_10_9_x86_64.whl", hash = "sha256:023391cfefe584ac544c1ea0936976c0119b17dd27bb8280652cef1704f76428"},
    {file = "murmurhash-1.0.5-cp37-cp37m-manylinux1_x86_64.whl", hash = "sha256:f00321998f0a6bad3fd068babf448a296d4b0b1f4dd424cab863ebe5ed54182f"},
    {file = "murmurhash-1.0.5-cp37-cp37m-manylinux2014_x86_64.whl", hash = "sha256:8381172e03c5f6f947005fb146a53c5e5a9e0d630be4a40cbf8838e9324bfe1c"},
    {file = "murmurhash-1.0.5-cp37-cp37m-win_amd64.whl", hash = "sha256:fed7578fbaa6c301f27ed80834c1f7494ea7d335e269e98b9aee477cf0b3b487"},
    {file = "murmurhash-1.0.5-cp38-cp38-macosx_10_9_x86_64.whl", hash = "sha256:d4c3a0242014cf4c84e9ea0ba3f13b48f02a3992de3da7b1116d11b816451195"},
    {file = "murmurhash-1.0.5-cp38-cp38-manylinux1_x86_64.whl", hash = "sha256:99e55488476a5f70e8d305fd31258f140e52f724f788bcc50c31ec846a2b3766"},
    {file = "murmurhash-1.0.5-cp38-cp38-manylinux2014_x86_64.whl", hash = "sha256:b9292c532538cf47846ca81056cfeab08b877c35fe7521d6524aa92ddcd833e2"},
    {file = "murmurhash-1.0.5-cp38-cp38-win_amd64.whl", hash = "sha256:fd17973fd4554715efd8d86b3e9200358e49e437fdb92a897ca127aced48b61c"},
    {file = "murmurhash-1.0.5-cp39-cp39-macosx_10_9_x86_64.whl", hash = "sha256:81474a45c4074637a6dfc8fea4cdebf091ab5aa781c2cfcb94c43b16030badd7"},
    {file = "murmurhash-1.0.5-cp39-cp39-manylinux1_x86_64.whl", hash = "sha256:a9bd2312996e6e47605af305a1e5f091eba1bdd637cdd9986aec4885cb4c5530"},
    {file = "murmurhash-1.0.5-cp39-cp39-manylinux2014_x86_64.whl", hash = "sha256:892749023da26420d194f37bfa30df1368aaac0149cfa3b2105db36b66549e37"},
    {file = "murmurhash-1.0.5-cp39-cp39-win_amd64.whl", hash = "sha256:add366944eb8ec73013a4f36e166c5a4f0f7628ffe1746bc5fe031347489e5e8"},
    {file = "murmurhash-1.0.5.tar.gz", hash = "sha256:98ec9d727bd998a35385abd56b062cf0cca216725ea7ec5068604ab566f7e97f"},
]
numpy = [
    {file = "numpy-1.21.0-cp37-cp37m-macosx_10_9_x86_64.whl", hash = "sha256:d5caa946a9f55511e76446e170bdad1d12d6b54e17a2afe7b189112ed4412bb8"},
    {file = "numpy-1.21.0-cp37-cp37m-manylinux_2_12_i686.manylinux2010_i686.whl", hash = "sha256:ac4fd578322842dbda8d968e3962e9f22e862b6ec6e3378e7415625915e2da4d"},
    {file = "numpy-1.21.0-cp37-cp37m-manylinux_2_12_x86_64.manylinux2010_x86_64.whl", hash = "sha256:598fe100b2948465cf3ed64b1a326424b5e4be2670552066e17dfaa67246011d"},
    {file = "numpy-1.21.0-cp37-cp37m-manylinux_2_17_aarch64.manylinux2014_aarch64.whl", hash = "sha256:7c55407f739f0bfcec67d0df49103f9333edc870061358ac8a8c9e37ea02fcd2"},
    {file = "numpy-1.21.0-cp37-cp37m-manylinux_2_5_i686.manylinux1_i686.whl", hash = "sha256:75579acbadbf74e3afd1153da6177f846212ea2a0cc77de53523ae02c9256513"},
    {file = "numpy-1.21.0-cp37-cp37m-manylinux_2_5_x86_64.manylinux1_x86_64.whl", hash = "sha256:cc367c86eb87e5b7c9592935620f22d13b090c609f1b27e49600cd033b529f54"},
    {file = "numpy-1.21.0-cp37-cp37m-win32.whl", hash = "sha256:d89b0dc7f005090e32bb4f9bf796e1dcca6b52243caf1803fdd2b748d8561f63"},
    {file = "numpy-1.21.0-cp37-cp37m-win_amd64.whl", hash = "sha256:eda2829af498946c59d8585a9fd74da3f810866e05f8df03a86f70079c7531dd"},
    {file = "numpy-1.21.0-cp38-cp38-macosx_10_9_universal2.whl", hash = "sha256:1a784e8ff7ea2a32e393cc53eb0003eca1597c7ca628227e34ce34eb11645a0e"},
    {file = "numpy-1.21.0-cp38-cp38-macosx_10_9_x86_64.whl", hash = "sha256:bba474a87496d96e61461f7306fba2ebba127bed7836212c360f144d1e72ac54"},
    {file = "numpy-1.21.0-cp38-cp38-macosx_11_0_arm64.whl", hash = "sha256:fd0a359c1c17f00cb37de2969984a74320970e0ceef4808c32e00773b06649d9"},
    {file = "numpy-1.21.0-cp38-cp38-manylinux_2_12_i686.manylinux2010_i686.whl", hash = "sha256:e4d5a86a5257843a18fb1220c5f1c199532bc5d24e849ed4b0289fb59fbd4d8f"},
    {file = "numpy-1.21.0-cp38-cp38-manylinux_2_12_x86_64.manylinux2010_x86_64.whl", hash = "sha256:620732f42259eb2c4642761bd324462a01cdd13dd111740ce3d344992dd8492f"},
    {file = "numpy-1.21.0-cp38-cp38-manylinux_2_17_aarch64.manylinux2014_aarch64.whl", hash = "sha256:b9205711e5440954f861ceeea8f1b415d7dd15214add2e878b4d1cf2bcb1a914"},
    {file = "numpy-1.21.0-cp38-cp38-manylinux_2_5_i686.manylinux1_i686.whl", hash = "sha256:ad09f55cc95ed8d80d8ab2052f78cc21cb231764de73e229140d81ff49d8145e"},
    {file = "numpy-1.21.0-cp38-cp38-manylinux_2_5_x86_64.manylinux1_x86_64.whl", hash = "sha256:a1f2fb2da242568af0271455b89aee0f71e4e032086ee2b4c5098945d0e11cf6"},
    {file = "numpy-1.21.0-cp38-cp38-win32.whl", hash = "sha256:e58ddb53a7b4959932f5582ac455ff90dcb05fac3f8dcc8079498d43afbbde6c"},
    {file = "numpy-1.21.0-cp38-cp38-win_amd64.whl", hash = "sha256:d2910d0a075caed95de1a605df00ee03b599de5419d0b95d55342e9a33ad1fb3"},
    {file = "numpy-1.21.0-cp39-cp39-macosx_10_9_universal2.whl", hash = "sha256:a290989cd671cd0605e9c91a70e6df660f73ae87484218e8285c6522d29f6e38"},
    {file = "numpy-1.21.0-cp39-cp39-macosx_10_9_x86_64.whl", hash = "sha256:3537b967b350ad17633b35c2f4b1a1bbd258c018910b518c30b48c8e41272717"},
    {file = "numpy-1.21.0-cp39-cp39-macosx_11_0_arm64.whl", hash = "sha256:ccc6c650f8700ce1e3a77668bb7c43e45c20ac06ae00d22bdf6760b38958c883"},
    {file = "numpy-1.21.0-cp39-cp39-manylinux_2_12_i686.manylinux2010_i686.whl", hash = "sha256:709884863def34d72b183d074d8ba5cfe042bc3ff8898f1ffad0209161caaa99"},
    {file = "numpy-1.21.0-cp39-cp39-manylinux_2_12_x86_64.manylinux2010_x86_64.whl", hash = "sha256:bebab3eaf0641bba26039fb0b2c5bf9b99407924b53b1ea86e03c32c64ef5aef"},
    {file = "numpy-1.21.0-cp39-cp39-manylinux_2_17_aarch64.manylinux2014_aarch64.whl", hash = "sha256:cf680682ad0a3bef56dae200dbcbac2d57294a73e5b0f9864955e7dd7c2c2491"},
    {file = "numpy-1.21.0-cp39-cp39-win32.whl", hash = "sha256:d95d16204cd51ff1a1c8d5f9958ce90ae190be81d348b514f9be39f878b8044a"},
    {file = "numpy-1.21.0-cp39-cp39-win_amd64.whl", hash = "sha256:2ba579dde0563f47021dcd652253103d6fd66165b18011dce1a0609215b2791e"},
    {file = "numpy-1.21.0-pp37-pypy37_pp73-manylinux_2_12_x86_64.manylinux2010_x86_64.whl", hash = "sha256:3c40e6b860220ed862e8097b8f81c9af6d7405b723f4a7af24a267b46f90e461"},
    {file = "numpy-1.21.0.zip", hash = "sha256:e80fe25cba41c124d04c662f33f6364909b985f2eb5998aaa5ae4b9587242cce"},
]
packaging = [
    {file = "packaging-20.9-py2.py3-none-any.whl", hash = "sha256:67714da7f7bc052e064859c05c595155bd1ee9f69f76557e21f051443c20947a"},
    {file = "packaging-20.9.tar.gz", hash = "sha256:5b327ac1320dc863dca72f4514ecc086f31186744b84a230374cc1fd776feae5"},
]
plac = [
    {file = "plac-1.1.3-py2.py3-none-any.whl", hash = "sha256:487e553017d419f35add346c4c09707e52fa53f7e7181ce1098ca27620e9ceee"},
    {file = "plac-1.1.3.tar.gz", hash = "sha256:398cb947c60c4c25e275e1f1dadf027e7096858fb260b8ece3b33bcff90d985f"},
]
pluggy = [
    {file = "pluggy-0.13.1-py2.py3-none-any.whl", hash = "sha256:966c145cd83c96502c3c3868f50408687b38434af77734af1e9ca461a4081d2d"},
    {file = "pluggy-0.13.1.tar.gz", hash = "sha256:15b2acde666561e1298d71b523007ed7364de07029219b604cf808bfa1c765b0"},
]
preshed = [
    {file = "preshed-3.0.5-cp36-cp36m-macosx_10_9_x86_64.whl", hash = "sha256:572899224578d30f6a67fadecb3d62b824866b4d2b6bad73f71abf7585db1389"},
    {file = "preshed-3.0.5-cp36-cp36m-manylinux1_x86_64.whl", hash = "sha256:67c11e384ce4c008bc487ba3a29bafdfe038b9a2546ccfe0fe2160480b356fed"},
    {file = "preshed-3.0.5-cp36-cp36m-manylinux2014_x86_64.whl", hash = "sha256:6e833f1632a1d0232bdc6df6c3542fb130ef044d8656b24576d9fd19e5f1e0d1"},
    {file = "preshed-3.0.5-cp36-cp36m-win_amd64.whl", hash = "sha256:1ce0846cb7ebb2ea913d44ec2e296098c285443ecdea80ddf02656bbef4deacb"},
    {file = "preshed-3.0.5-cp37-cp37m-macosx_10_9_x86_64.whl", hash = "sha256:8a560850b8c53c1487ba51c2b0f5769535512b36d3b129ad5796b64653abe2f9"},
    {file = "preshed-3.0.5-cp37-cp37m-manylinux1_x86_64.whl", hash = "sha256:6f126bcc414a0304b54956f9dac2628a0f9bef1657d1b3a3837fc82b791aa2a1"},
    {file = "preshed-3.0.5-cp37-cp37m-manylinux2014_x86_64.whl", hash = "sha256:1bdededa7fd81f26a42bc9d11d542657c74746b7ea7fc2b2ca6d0ddbf1f93792"},
    {file = "preshed-3.0.5-cp37-cp37m-win_amd64.whl", hash = "sha256:9ebf444f8487782c84d7b5acb1d7195e603155882fafc4697344199eeeafbe5f"},
    {file = "preshed-3.0.5-cp38-cp38-macosx_10_9_x86_64.whl", hash = "sha256:8a3adffde3126c2a0ab7d57cab1d605cb5f63da1ba88088ad3cf8debfd9aa4dc"},
    {file = "preshed-3.0.5-cp38-cp38-manylinux1_x86_64.whl", hash = "sha256:56b9603517bb2a364418163236d6a147a1d722ff7546cbe085e76e25ae118e89"},
    {file = "preshed-3.0.5-cp38-cp38-manylinux2014_x86_64.whl", hash = "sha256:5e06a49477bd257eea02bf823b5d3e201d00a19d6976523a58da8606b2358481"},
    {file = "preshed-3.0.5-cp38-cp38-win_amd64.whl", hash = "sha256:ca4a7681b643b8356e7dfdab9cf668b2b34bd07ef4b09ebed44c8aeb3b1626ee"},
    {file = "preshed-3.0.5-cp39-cp39-macosx_10_9_x86_64.whl", hash = "sha256:85074eebf90a858a6b68242f1ae265ca99e1af45bf9dafcb9a83d49b0815a2e1"},
    {file = "preshed-3.0.5-cp39-cp39-manylinux1_x86_64.whl", hash = "sha256:12cbe1e378b4f1c6b06f5e4130408befe916e55ea1616e6aa63c5cd0ccd9c927"},
    {file = "preshed-3.0.5-cp39-cp39-manylinux2014_x86_64.whl", hash = "sha256:30f0c8ea85113d0565a1e3eb6222d00513ec39b56f3f9a2615e304575e65422e"},
    {file = "preshed-3.0.5-cp39-cp39-win_amd64.whl", hash = "sha256:fb4d2e82add82d63b2c97802b759a58ff200d06b632e2edc48a9ced1e6472faf"},
    {file = "preshed-3.0.5.tar.gz", hash = "sha256:c6d3dba39ed5059aaf99767017b9568c75b2d0780c3481e204b1daecde00360e"},
]
py = [
    {file = "py-1.10.0-py2.py3-none-any.whl", hash = "sha256:3b80836aa6d1feeaa108e046da6423ab8f6ceda6468545ae8d02d9d58d18818a"},
    {file = "py-1.10.0.tar.gz", hash = "sha256:21b81bda15b66ef5e1a777a21c4dcd9c20ad3efd0b3f817e7a809035269e1bd3"},
]
pyahocorasick = [
    {file = "pyahocorasick-1.4.2.tar.gz", hash = "sha256:88f79307c74ae6a84f8d88c2522a082f1d21c425762aba7f7e4d14dd431d2fb7"},
]
pyparsing = [
    {file = "pyparsing-2.4.7-py2.py3-none-any.whl", hash = "sha256:ef9d7589ef3c200abe66653d3f1ab1033c3c419ae9b9bdb1240a85b024efc88b"},
    {file = "pyparsing-2.4.7.tar.gz", hash = "sha256:c203ec8783bf771a155b207279b9bccb8dea02d8f0c9e5f8ead507bc3246ecc1"},
]
pytest = [
    {file = "pytest-6.2.4-py3-none-any.whl", hash = "sha256:91ef2131a9bd6be8f76f1f08eac5c5317221d6ad1e143ae03894b862e8976890"},
    {file = "pytest-6.2.4.tar.gz", hash = "sha256:50bcad0a0b9c5a72c8e4e7c9855a3ad496ca6a881a3641b4260605450772c54b"},
]
pytextspan = [
    {file = "pytextspan-0.5.4-cp36-cp36m-macosx_10_7_x86_64.whl", hash = "sha256:d9b0f0fa45ef96a39cd648fc3503388ee480d853e825a48dbddb18ac69cd2399"},
    {file = "pytextspan-0.5.4-cp36-cp36m-manylinux2010_x86_64.whl", hash = "sha256:a521e7d0734fc5cdc887d5fe5f9e28e2ee0e4da47e993eb323be774f8a1b36ff"},
    {file = "pytextspan-0.5.4-cp36-none-win_amd64.whl", hash = "sha256:e2d8130b64c2b085eb069824c46624d322a6c9abf25a71e51255a715da0ce71f"},
    {file = "pytextspan-0.5.4-cp37-cp37m-macosx_10_7_x86_64.whl", hash = "sha256:2a2ca93901c12ba67c04c0807fe8cd4c2c5be275bf8cfc92284819b5ed6adc27"},
    {file = "pytextspan-0.5.4-cp37-cp37m-manylinux2010_x86_64.whl", hash = "sha256:87e3d935ec3d9d9ef56aac437afefc1b21541ecf909cd5bd2a4aa8aab1bb4688"},
    {file = "pytextspan-0.5.4-cp37-none-win_amd64.whl", hash = "sha256:61f3d0c733b002f7a95c89800d3ffa02aa689df94d409b650818f4a27ab0582c"},
    {file = "pytextspan-0.5.4-cp38-cp38-macosx_10_7_x86_64.whl", hash = "sha256:b415949a5eac17f0bcfa6a954dc0fa89397651022b99d2807fcf5609c1a52b43"},
    {file = "pytextspan-0.5.4-cp38-cp38-manylinux2010_x86_64.whl", hash = "sha256:be460d8db26afacafce544bccc2603573322a1358ee560fb95801ab3e4c874fe"},
    {file = "pytextspan-0.5.4-cp38-none-win_amd64.whl", hash = "sha256:946a42799b837739f7b688a87e8be90b053e0ee0789080944a3d9e437073ac9f"},
    {file = "pytextspan-0.5.4-cp39-cp39-macosx_10_7_x86_64.whl", hash = "sha256:b0b659dbdbca578c7596fdb3df0a6016f5d698a2e6e596cc3354f725c0a08c23"},
    {file = "pytextspan-0.5.4-cp39-cp39-manylinux2010_x86_64.whl", hash = "sha256:f26acb826e0d2b67dd403f9592dc7a5a236dfa31568df57a56251037285019c1"},
    {file = "pytextspan-0.5.4-cp39-none-win_amd64.whl", hash = "sha256:959b68674f460d184ca117dfc0da50d052a6e02420ec16d6666d17fd377e2682"},
    {file = "pytextspan-0.5.4.tar.gz", hash = "sha256:2e7fbe04f3d20a761d0211e65a075208d5bffcbc2a07ad998ceaef0fdce000cf"},
]
requests = [
    {file = "requests-2.25.1-py2.py3-none-any.whl", hash = "sha256:c210084e36a42ae6b9219e00e48287def368a26d03a048ddad7bfee44f75871e"},
    {file = "requests-2.25.1.tar.gz", hash = "sha256:27973dd4a904a4f13b263a19c866c13b92a39ed1c964655f025f3f8d3d75b804"},
]
setuptools = [
    {file = "setuptools-65.6.3-py3-none-any.whl", hash = "sha256:57f6f22bde4e042978bcd50176fdb381d7c21a9efa4041202288d3737a0c6a54"},
    {file = "setuptools-65.6.3.tar.gz", hash = "sha256:a7620757bf984b58deaf32fc8a4577a9bbc0850cf92c20e1ce41c38c19e5fb75"},
]
sortedcontainers = [
    {file = "sortedcontainers-2.1.0-py2.py3-none-any.whl", hash = "sha256:d9e96492dd51fae31e60837736b38fe42a187b5404c16606ff7ee7cd582d4c60"},
    {file = "sortedcontainers-2.1.0.tar.gz", hash = "sha256:974e9a32f56b17c1bac2aebd9dcf197f3eb9cd30553c5852a3187ad162e1a03a"},
]
spacy = [
    {file = "spacy-2.3.7-cp36-cp36m-macosx_10_9_x86_64.whl", hash = "sha256:6ebc5a7f7da70a793cc1d2569097bdf80fbce66d7e39e17a157f95c258bec78d"},
    {file = "spacy-2.3.7-cp36-cp36m-manylinux_2_17_x86_64.manylinux2014_x86_64.whl", hash = "sha256:fc59c5cf8f363d7c1dfd779bae7eafe99dc98a74063267f9f8df4154b65f7a2f"},
    {file = "spacy-2.3.7-cp36-cp36m-win_amd64.whl", hash = "sha256:65ecac35b9812f146d99d91610d38f9b8d849a8164fccf0fdcfd4cf7e2826618"},
    {file = "spacy-2.3.7-cp37-cp37m-macosx_10_9_x86_64.whl", hash = "sha256:4942670ee16e153ddb6d5ae85eb03c39c33a2ef19b9ea0423d28f63536e21d72"},
    {file = "spacy-2.3.7-cp37-cp37m-manylinux_2_17_x86_64.manylinux2014_x86_64.whl", hash = "sha256:b4f1a02d62e861a044b8fbe8a0ce89e49d5a63c3a5bfc5849cb1d4f0247b8ab9"},
    {file = "spacy-2.3.7-cp37-cp37m-win_amd64.whl", hash = "sha256:34570a7571d8bf08c696003423589b750ac684c0b79f3e3672e3d941a44f2452"},
    {file = "spacy-2.3.7-cp38-cp38-macosx_10_9_x86_64.whl", hash = "sha256:c774d5cd869c0d086fd092eeacbb72296c8d470dda73bc45ed9f9f9ca5822759"},
    {file = "spacy-2.3.7-cp38-cp38-manylinux_2_17_x86_64.manylinux2014_x86_64.whl", hash = "sha256:0416e708c0b672e79400aeade070d2ec91052ca9942cc378ee9f833a3ae9b6ed"},
    {file = "spacy-2.3.7-cp38-cp38-win_amd64.whl", hash = "sha256:2d454e4d08c8263ab0bb4e63445e9565c5924f588dcf26bcb0add3a4d98a6042"},
    {file = "spacy-2.3.7-cp39-cp39-macosx_10_9_x86_64.whl", hash = "sha256:96eaa20d6074158b5686740a40ba78aac4f52759f8acec8af9db4d586bc49f1f"},
    {file = "spacy-2.3.7-cp39-cp39-manylinux_2_17_x86_64.manylinux2014_x86_64.whl", hash = "sha256:c831bcec3f3c0b425f753248763c838b57f31edfca2dfcafce205f6f2b548d7e"},
    {file = "spacy-2.3.7-cp39-cp39-win_amd64.whl", hash = "sha256:abddbf424233a842aec91119bc8c4578890c587809d33f353f334a5383d8f490"},
    {file = "spacy-2.3.7.tar.gz", hash = "sha256:c0f2315fea23497662e28212f89af3a03667f97c867c597b599c37ab84092e22"},
]
srsly = [
    {file = "srsly-1.0.5-cp36-cp36m-macosx_10_9_x86_64.whl", hash = "sha256:a696e9c925e91f76ec53840c55483a4fbf76cb717424410a4f249d4805439038"},
    {file = "srsly-1.0.5-cp36-cp36m-manylinux2014_x86_64.whl", hash = "sha256:8fc4c0641537262e15c7b5b57edc47487b15ac47b696adcb81e0a770ef78e8f5"},
    {file = "srsly-1.0.5-cp36-cp36m-win_amd64.whl", hash = "sha256:11447f8e659e1f62f29302252fb057f179031457b36c83426027182f624fe565"},
    {file = "srsly-1.0.5-cp37-cp37m-macosx_10_9_x86_64.whl", hash = "sha256:a2746afccfd4f51f0793cccc2b6d5e8a564c962870feec5c77408244c1dbb3c5"},
    {file = "srsly-1.0.5-cp37-cp37m-manylinux2014_x86_64.whl", hash = "sha256:a1449da4195e30a3bd1fd3122e5b1a0c57703843c590643555c412fc87132aa0"},
    {file = "srsly-1.0.5-cp37-cp37m-win_amd64.whl", hash = "sha256:23c7205b8c1cac49a03521bee37f0afe3680d9f0ec18c75ab3ac39bd3e15272b"},
    {file = "srsly-1.0.5-cp38-cp38-macosx_10_9_x86_64.whl", hash = "sha256:2615b8713dfe793ca57925076b0869385d56754816b1eaee5490a6827a1cb5c7"},
    {file = "srsly-1.0.5-cp38-cp38-manylinux2014_x86_64.whl", hash = "sha256:b5b887328ac6e210842560fcf32a29c2a9c1ed38c6d47479cadc03d81940da8c"},
    {file = "srsly-1.0.5-cp38-cp38-win_amd64.whl", hash = "sha256:fd5e1e01f5fd0f532a6f3977bb74facc42f1b7155402ee3d06c07a73e83e3c47"},
    {file = "srsly-1.0.5-cp39-cp39-macosx_10_9_x86_64.whl", hash = "sha256:779ebfaa3cf1d5c0f1286ac1baf06af5f2a17bb103622992c71acc6ac20b2781"},
    {file = "srsly-1.0.5-cp39-cp39-manylinux2014_x86_64.whl", hash = "sha256:4c43a1f28e555891a1e65650adea2c5d0f0fe4b3d63821de65c8357f32c3a11c"},
    {file = "srsly-1.0.5-cp39-cp39-win_amd64.whl", hash = "sha256:334f29435099e644a8047b63d60b8386a98b5f7b4739f7efc86b46ca0200aa0e"},
    {file = "srsly-1.0.5.tar.gz", hash = "sha256:d3dd796372367c71946d0cd6f734e49db3d99dd13a57bdac937d9eb62689fc9e"},
]
sudachidict-core = [
    {file = "SudachiDict-core-20210608.tar.gz", hash = "sha256:80f51917f2325c91fc183dcc1cc40b1e4582ad00a85db48ba9f70c2bcb643ad2"},
]
sudachipy = [
    {file = "SudachiPy-0.5.2-cp36-cp36m-macosx_10_14_x86_64.whl", hash = "sha256:8962f5eb648edda8fba73b7faacb19cc44397f527e5bf2c75f8910a548db096b"},
    {file = "SudachiPy-0.5.2-cp36-cp36m-win32.whl", hash = "sha256:f7b6a26fc04ae917c2fa285e7cebe93128c1eb43f0147b0563e5b29eab8601cd"},
    {file = "SudachiPy-0.5.2-cp36-cp36m-win_amd64.whl", hash = "sha256:7ea131c6000e8d60d1eb35b9149dc501feca7702b1ab0687a6be4f0b24d9171d"},
    {file = "SudachiPy-0.5.2-cp37-cp37m-macosx_10_14_x86_64.whl", hash = "sha256:d2fc2c28ec19159f104cc34389305aefc0d50186884ddc98ffa219e0e2e9a4e1"},
    {file = "SudachiPy-0.5.2-cp37-cp37m-win32.whl", hash = "sha256:40749b79d2acf73151397082c4b32302e3b8d0b3f5cb62faea8ac3bc86d0d989"},
    {file = "SudachiPy-0.5.2-cp37-cp37m-win_amd64.whl", hash = "sha256:66d239d20517cab22519791efbfc2eccd15544ab6e58e910ffe604dfde3dbb9b"},
    {file = "SudachiPy-0.5.2-cp38-cp38-macosx_10_14_x86_64.whl", hash = "sha256:7a58e2f2004cfe9809cf0ebbacd22b06ad3ed6ff4474d21e3df29ea1d15ca51c"},
    {file = "SudachiPy-0.5.2-cp38-cp38-win32.whl", hash = "sha256:88ac73d76afff772473a5fa863e1ed31a50a2060890b6dc8fadf047c236c3a39"},
    {file = "SudachiPy-0.5.2-cp38-cp38-win_amd64.whl", hash = "sha256:39218168593fad019795d75350efd914e81a532babbc153dd5fc044ae9dc0d3e"},
    {file = "SudachiPy-0.5.2.tar.gz", hash = "sha256:e2714bb0958dae3550530ea14b6c1647192203db16aa935c71750f28904b9acf"},
]
thinc = [
    {file = "thinc-7.4.5-cp36-cp36m-macosx_10_9_x86_64.whl", hash = "sha256:5774007b5c52501cab5e2970cadca84923b4c420fff06172f2d0c86531973ce8"},
    {file = "thinc-7.4.5-cp36-cp36m-manylinux2014_x86_64.whl", hash = "sha256:02b71ae5a0fa906a0aca968bd65589e0ab9fabd511e57be839774228b1509224"},
    {file = "thinc-7.4.5-cp36-cp36m-win_amd64.whl", hash = "sha256:8b647de79fe5f98cd327983bf0e27d006b48ad9694ceabdb9a3832b614ed1618"},
    {file = "thinc-7.4.5-cp37-cp37m-macosx_10_9_x86_64.whl", hash = "sha256:cce68c5ea54cd32cef661858363509afdedad047027e8cdf0dc4edec0c2cc010"},
    {file = "thinc-7.4.5-cp37-cp37m-manylinux2014_x86_64.whl", hash = "sha256:29a47ad0289dda0520b5af8538b30e8134553130200b83c34311feb71739968d"},
    {file = "thinc-7.4.5-cp37-cp37m-win_amd64.whl", hash = "sha256:24086aa0fb72f466782115d529574a825c89afa62eb817962b9339f61ab50e0d"},
    {file = "thinc-7.4.5-cp38-cp38-macosx_10_9_x86_64.whl", hash = "sha256:d01ab1480d37ebefcac22d63ffe01916c9f025ae3dbdbe5824ac3ea5cce8e3fd"},
    {file = "thinc-7.4.5-cp38-cp38-manylinux2014_x86_64.whl", hash = "sha256:309ec4cae81f4de2e4e4fbd0bcb52b10bef4b1a6352c6a9143f6a53d3b1060ef"},
    {file = "thinc-7.4.5-cp38-cp38-win_amd64.whl", hash = "sha256:10bafe5ddce698180098345b9c55f762dc3456558be844d35d64175e511581b6"},
    {file = "thinc-7.4.5-cp39-cp39-macosx_10_9_x86_64.whl", hash = "sha256:c43ed753aa70bc619e42e168be4926c8a47799af6121ff0727ba99b330afbb44"},
    {file = "thinc-7.4.5-cp39-cp39-manylinux2014_x86_64.whl", hash = "sha256:c408ab24b24e6368ce4b6ddebb579118042a22d3f2f2c4e19ca67e3eadc9ed33"},
    {file = "thinc-7.4.5-cp39-cp39-win_amd64.whl", hash = "sha256:fae320de65af70786c1526ffc33b88f2da650d3106f5f9a06b37f0ac3944a44f"},
    {file = "thinc-7.4.5.tar.gz", hash = "sha256:5743fde41706252ec6ce4737c68d3505f7e1cc3d4431174a17149838d594f8cb"},
]
toml = [
    {file = "toml-0.10.2-py2.py3-none-any.whl", hash = "sha256:806143ae5bfb6a3c6e736a764057db0e6a0e05e338b5630894a5f779cabb4f9b"},
    {file = "toml-0.10.2.tar.gz", hash = "sha256:b3bda1d108d5dd99f4a20d24d9c348e91c4db7ab1b749200bded2f839ccbe68f"},
]
tqdm = [
    {file = "tqdm-4.61.1-py2.py3-none-any.whl", hash = "sha256:aa0c29f03f298951ac6318f7c8ce584e48fa22ec26396e6411e43d038243bdb2"},
    {file = "tqdm-4.61.1.tar.gz", hash = "sha256:24be966933e942be5f074c29755a95b315c69a91f839a29139bf26ffffe2d3fd"},
]
urllib3 = [
    {file = "urllib3-1.26.6-py2.py3-none-any.whl", hash = "sha256:39fb8672126159acb139a7718dd10806104dec1e2f0f6c88aab05d17df10c8d4"},
    {file = "urllib3-1.26.6.tar.gz", hash = "sha256:f57b4c16c62fa2760b7e3d97c35b255512fb6b59a259730f36ba32ce9f8e342f"},
]
wasabi = [
    {file = "wasabi-0.8.2-py3-none-any.whl", hash = "sha256:a493e09d86109ec6d9e70d040472f9facc44634d4ae6327182f94091ca73a490"},
    {file = "wasabi-0.8.2.tar.gz", hash = "sha256:b4a36aaa9ca3a151f0c558f269d442afbb3526f0160fd541acd8a0d5e5712054"},
]
